// !$*UTF8*$!
{
	archiveVersion = 1;
	classes = {
	};
	objectVersion = 55;
	objects = {

/* Begin PBXBuildFile section */
		2223CC0929DA255400C61402 /* CacheFeedUseCaseTests.swift in Sources */ = {isa = PBXBuildFile; fileRef = 2223CC0829DA255400C61402 /* CacheFeedUseCaseTests.swift */; };
		4109CA28299732DE0090B715 /* XCTTestCase+MemoryLeakTracking.swift in Sources */ = {isa = PBXBuildFile; fileRef = 41EA7BAB298E90FD00C3AA2F /* XCTTestCase+MemoryLeakTracking.swift */; };
		412771B828EC411500C7DD30 /* EssentialFeed.framework in Frameworks */ = {isa = PBXBuildFile; fileRef = 412771AF28EC411400C7DD30 /* EssentialFeed.framework */; };
		412771BD28EC411500C7DD30 /* LoadFeedFromRemoteUseCaseTests.swift in Sources */ = {isa = PBXBuildFile; fileRef = 412771BC28EC411500C7DD30 /* LoadFeedFromRemoteUseCaseTests.swift */; };
		412771BE28EC411500C7DD30 /* EssentialFeed.h in Headers */ = {isa = PBXBuildFile; fileRef = 412771B228EC411400C7DD30 /* EssentialFeed.h */; settings = {ATTRIBUTES = (Public, ); }; };
		412771C828EC414300C7DD30 /* FeedImage.swift in Sources */ = {isa = PBXBuildFile; fileRef = 412771C728EC414300C7DD30 /* FeedImage.swift */; };
		412771CA28EC41CB00C7DD30 /* FeedLoader.swift in Sources */ = {isa = PBXBuildFile; fileRef = 412771C928EC41CB00C7DD30 /* FeedLoader.swift */; };
		41B30262297E99D80092FD20 /* URLSessionHTTPClientTests.swift in Sources */ = {isa = PBXBuildFile; fileRef = 41B30261297E99D80092FD20 /* URLSessionHTTPClientTests.swift */; };
		41E794B02951D5C400CFFDED /* HTTPClient.swift in Sources */ = {isa = PBXBuildFile; fileRef = 41E794AF2951D5C400CFFDED /* HTTPClient.swift */; };
		41E794B22951D6AE00CFFDED /* FeedItemsMapper.swift in Sources */ = {isa = PBXBuildFile; fileRef = 41E794B12951D6AE00CFFDED /* FeedItemsMapper.swift */; };
		41EA7BAC298E90FD00C3AA2F /* XCTTestCase+MemoryLeakTracking.swift in Sources */ = {isa = PBXBuildFile; fileRef = 41EA7BAB298E90FD00C3AA2F /* XCTTestCase+MemoryLeakTracking.swift */; };
		41EA7BAE29907BE000C3AA2F /* URLSessionHTTPClient.swift in Sources */ = {isa = PBXBuildFile; fileRef = 41EA7BAD29907BE000C3AA2F /* URLSessionHTTPClient.swift */; };
		41EA7BB62991CB9E00C3AA2F /* EssentialFeedAPIEndToEndTests.swift in Sources */ = {isa = PBXBuildFile; fileRef = 41EA7BB52991CB9E00C3AA2F /* EssentialFeedAPIEndToEndTests.swift */; };
		41EA7BB72991CB9E00C3AA2F /* EssentialFeed.framework in Frameworks */ = {isa = PBXBuildFile; fileRef = 412771AF28EC411400C7DD30 /* EssentialFeed.framework */; };
		41FAFB8328FEBDFD00B2BB1A /* RemoteFeedLoader.swift in Sources */ = {isa = PBXBuildFile; fileRef = 41FAFB8228FEBDFD00B2BB1A /* RemoteFeedLoader.swift */; };
		DF83043B2AE22D0000781C76 /* LocalFeedLoader.swift in Sources */ = {isa = PBXBuildFile; fileRef = DF83043A2AE22D0000781C76 /* LocalFeedLoader.swift */; };
		DF83043D2AE2EB1200781C76 /* FeedStore.swift in Sources */ = {isa = PBXBuildFile; fileRef = DF83043C2AE2EB1200781C76 /* FeedStore.swift */; };
		DF83043F2AE3332700781C76 /* RemoteFeedItem.swift in Sources */ = {isa = PBXBuildFile; fileRef = DF83043E2AE3332700781C76 /* RemoteFeedItem.swift */; };
		DF8304412AE3335B00781C76 /* LocalFeedImage.swift in Sources */ = {isa = PBXBuildFile; fileRef = DF8304402AE3335B00781C76 /* LocalFeedImage.swift */; };
		DF8304432AE33BC200781C76 /* LoadFeedFromCacheUseCaseTests.swift in Sources */ = {isa = PBXBuildFile; fileRef = DF8304422AE33BC200781C76 /* LoadFeedFromCacheUseCaseTests.swift */; };
		DF8304462AE33D9200781C76 /* FeedStoreSpy.swift in Sources */ = {isa = PBXBuildFile; fileRef = DF8304452AE33D9200781C76 /* FeedStoreSpy.swift */; };
		DF83CA1C2B2D5B580077B841 /* FeedCachePolicy.swift in Sources */ = {isa = PBXBuildFile; fileRef = DF83CA1B2B2D5B580077B841 /* FeedCachePolicy.swift */; };
		DFA99A4B2B48E1E000324BC1 /* FeedStoreSpecs.swift in Sources */ = {isa = PBXBuildFile; fileRef = DFA99A4A2B48E1E000324BC1 /* FeedStoreSpecs.swift */; };
		DFA99A4D2B48E27000324BC1 /* XCTestCase+FeedStoreSpecs.swift in Sources */ = {isa = PBXBuildFile; fileRef = DFA99A4C2B48E27000324BC1 /* XCTestCase+FeedStoreSpecs.swift */; };
		DFBA115F2B6C8207008C62C0 /* FeedImagePresenter.swift in Sources */ = {isa = PBXBuildFile; fileRef = DFBA115E2B6C8207008C62C0 /* FeedImagePresenter.swift */; };
		DFBA11612B6C8DA7008C62C0 /* Feed.storyboard in Resources */ = {isa = PBXBuildFile; fileRef = DFBA11602B6C8DA7008C62C0 /* Feed.storyboard */; };
		DFBA11632B6C8E2C008C62C0 /* Feed.xcassets in Resources */ = {isa = PBXBuildFile; fileRef = DFBA11622B6C8E2C008C62C0 /* Feed.xcassets */; };
		DFBA11652B6C9D5D008C62C0 /* UITableView+Dequeing.swift in Sources */ = {isa = PBXBuildFile; fileRef = DFBA11642B6C9D5D008C62C0 /* UITableView+Dequeing.swift */; };
		DFBA11672B6C9E66008C62C0 /* UIImageView+Animation.swift in Sources */ = {isa = PBXBuildFile; fileRef = DFBA11662B6C9E66008C62C0 /* UIImageView+Animation.swift */; };
		DFBA116B2B6D630A008C62C0 /* FeedViewControllerTests+Localization.swift in Sources */ = {isa = PBXBuildFile; fileRef = DFBA116A2B6D630A008C62C0 /* FeedViewControllerTests+Localization.swift */; };
		DFBA11752B6D6620008C62C0 /* FeedLocalizationTests.swift in Sources */ = {isa = PBXBuildFile; fileRef = DFBA11742B6D6620008C62C0 /* FeedLocalizationTests.swift */; };
		DFBB20B52B72A59C00EC7E1D /* ErrorView.swift in Sources */ = {isa = PBXBuildFile; fileRef = DFBB20B42B72A59C00EC7E1D /* ErrorView.swift */; };
		DFBB20B82B72AFE700EC7E1D /* FeedPresenterTests.swift in Sources */ = {isa = PBXBuildFile; fileRef = DFBB20B72B72AFE700EC7E1D /* FeedPresenterTests.swift */; };
		DFBB20C32B7459D300EC7E1D /* FeedPresenter.swift in Sources */ = {isa = PBXBuildFile; fileRef = DFBB20C22B7459D300EC7E1D /* FeedPresenter.swift */; };
		DFBB20C42B745B0300EC7E1D /* Feed.strings in Resources */ = {isa = PBXBuildFile; fileRef = DFBB20BD2B74582000EC7E1D /* Feed.strings */; };
		DFBB20C62B745B6000EC7E1D /* FeedErrorViewModel.swift in Sources */ = {isa = PBXBuildFile; fileRef = DFBB20C52B745B6000EC7E1D /* FeedErrorViewModel.swift */; };
		DFBB20C82B745B7D00EC7E1D /* FeedLoadingViewModel.swift in Sources */ = {isa = PBXBuildFile; fileRef = DFBB20C72B745B7D00EC7E1D /* FeedLoadingViewModel.swift */; };
		DFBB20CA2B745B9D00EC7E1D /* FeedViewModel.swift in Sources */ = {isa = PBXBuildFile; fileRef = DFBB20C92B745B9D00EC7E1D /* FeedViewModel.swift */; };
		DFCF41F22B66A158004E3483 /* UIView+Shimmering.swift in Sources */ = {isa = PBXBuildFile; fileRef = DFCF41F12B66A158004E3483 /* UIView+Shimmering.swift */; };
		DFCF41F82B686372004E3483 /* FeedImageDataLoader.swift in Sources */ = {isa = PBXBuildFile; fileRef = DFCF41F72B686372004E3483 /* FeedImageDataLoader.swift */; };
		DFCF41FC2B686833004E3483 /* FeedImageCellController.swift in Sources */ = {isa = PBXBuildFile; fileRef = DFCF41FB2B686833004E3483 /* FeedImageCellController.swift */; };
		DFCF41FF2B687BE9004E3483 /* FeedUIComposer.swift in Sources */ = {isa = PBXBuildFile; fileRef = DFCF41FE2B687BE9004E3483 /* FeedUIComposer.swift */; };
		DFDF6DA02B65A00000A20159 /* FeedImageCell.swift in Sources */ = {isa = PBXBuildFile; fileRef = DFDF6D9F2B65A00000A20159 /* FeedImageCell.swift */; };
		DFEA06B92B16A006005D7888 /* ValidateFeedCacheUseCaseTests.swift in Sources */ = {isa = PBXBuildFile; fileRef = DFEA06B82B16A006005D7888 /* ValidateFeedCacheUseCaseTests.swift */; };
		DFEA06BB2B16BC6D005D7888 /* FeedCacheTestHelpers.swift in Sources */ = {isa = PBXBuildFile; fileRef = DFEA06BA2B16BC6D005D7888 /* FeedCacheTestHelpers.swift */; };
		DFEA06BD2B16BD88005D7888 /* SharedTestHelpers.swift in Sources */ = {isa = PBXBuildFile; fileRef = DFEA06BC2B16BD88005D7888 /* SharedTestHelpers.swift */; };
		DFF09DEB2B51E5D10011BF18 /* CoreDataFeedStoreTests.swift in Sources */ = {isa = PBXBuildFile; fileRef = DFF09DEA2B51E5D10011BF18 /* CoreDataFeedStoreTests.swift */; };
		DFF09DED2B51E6AC0011BF18 /* CoreDataFeedStore.swift in Sources */ = {isa = PBXBuildFile; fileRef = DFF09DEC2B51E6AC0011BF18 /* CoreDataFeedStore.swift */; };
		DFF09DF02B51E8DD0011BF18 /* FeedStore.xcdatamodeld in Sources */ = {isa = PBXBuildFile; fileRef = DFF09DEE2B51E8DD0011BF18 /* FeedStore.xcdatamodeld */; };
		DFF09DF32B55F71B0011BF18 /* CoreDataHelpers.swift in Sources */ = {isa = PBXBuildFile; fileRef = DFF09DF22B55F71B0011BF18 /* CoreDataHelpers.swift */; };
		DFF09DF52B55F76B0011BF18 /* ManagedFeedImage.swift in Sources */ = {isa = PBXBuildFile; fileRef = DFF09DF42B55F76B0011BF18 /* ManagedFeedImage.swift */; };
		DFF09DF72B55F7B30011BF18 /* ManagedCache.swift in Sources */ = {isa = PBXBuildFile; fileRef = DFF09DF62B55F7B30011BF18 /* ManagedCache.swift */; };
		DFF09E1D2B560E080011BF18 /* EssentialFeedCacheIntergrationTests.swift in Sources */ = {isa = PBXBuildFile; fileRef = DFF09E1C2B560E080011BF18 /* EssentialFeedCacheIntergrationTests.swift */; };
		DFF09E1E2B560E080011BF18 /* EssentialFeed.framework in Frameworks */ = {isa = PBXBuildFile; fileRef = 412771AF28EC411400C7DD30 /* EssentialFeed.framework */; };
		DFF09E252B56116E0011BF18 /* XCTTestCase+MemoryLeakTracking.swift in Sources */ = {isa = PBXBuildFile; fileRef = 41EA7BAB298E90FD00C3AA2F /* XCTTestCase+MemoryLeakTracking.swift */; };
		DFF09E262B594D1E0011BF18 /* FeedCacheTestHelpers.swift in Sources */ = {isa = PBXBuildFile; fileRef = DFEA06BA2B16BC6D005D7888 /* FeedCacheTestHelpers.swift */; };
		DFF09E272B594D270011BF18 /* SharedTestHelpers.swift in Sources */ = {isa = PBXBuildFile; fileRef = DFEA06BC2B16BD88005D7888 /* SharedTestHelpers.swift */; };
		DFF98D482B62C6480064FA4D /* EssentialFeediOS.docc in Sources */ = {isa = PBXBuildFile; fileRef = DFF98D472B62C6480064FA4D /* EssentialFeediOS.docc */; };
		DFF98D4E2B62C6490064FA4D /* EssentialFeediOS.framework in Frameworks */ = {isa = PBXBuildFile; fileRef = DFF98D442B62C6480064FA4D /* EssentialFeediOS.framework */; };
		DFF98D5C2B646D330064FA4D /* FeedViewControllerTests.swift in Sources */ = {isa = PBXBuildFile; fileRef = DFF98D5B2B646D330064FA4D /* FeedViewControllerTests.swift */; };
		DFF98D5E2B64712E0064FA4D /* EssentialFeed.framework in Frameworks */ = {isa = PBXBuildFile; fileRef = 412771AF28EC411400C7DD30 /* EssentialFeed.framework */; platformFilter = ios; };
		DFF98D5F2B64712E0064FA4D /* EssentialFeed.framework in Embed Frameworks */ = {isa = PBXBuildFile; fileRef = 412771AF28EC411400C7DD30 /* EssentialFeed.framework */; platformFilter = ios; settings = {ATTRIBUTES = (CodeSignOnCopy, RemoveHeadersOnCopy, ); }; };
		DFF98D632B647A790064FA4D /* XCTTestCase+MemoryLeakTracking.swift in Sources */ = {isa = PBXBuildFile; fileRef = 41EA7BAB298E90FD00C3AA2F /* XCTTestCase+MemoryLeakTracking.swift */; };
		DFF98D652B648F620064FA4D /* FeedViewController.swift in Sources */ = {isa = PBXBuildFile; fileRef = DFF98D642B648F620064FA4D /* FeedViewController.swift */; };
/* End PBXBuildFile section */

/* Begin PBXContainerItemProxy section */
		412771B928EC411500C7DD30 /* PBXContainerItemProxy */ = {
			isa = PBXContainerItemProxy;
			containerPortal = 412771A628EC411400C7DD30 /* Project object */;
			proxyType = 1;
			remoteGlobalIDString = 412771AE28EC411400C7DD30;
			remoteInfo = EssentialFeed;
		};
		41EA7BB82991CB9E00C3AA2F /* PBXContainerItemProxy */ = {
			isa = PBXContainerItemProxy;
			containerPortal = 412771A628EC411400C7DD30 /* Project object */;
			proxyType = 1;
			remoteGlobalIDString = 412771AE28EC411400C7DD30;
			remoteInfo = EssentialFeed;
		};
		DFF09E1F2B560E080011BF18 /* PBXContainerItemProxy */ = {
			isa = PBXContainerItemProxy;
			containerPortal = 412771A628EC411400C7DD30 /* Project object */;
			proxyType = 1;
			remoteGlobalIDString = 412771AE28EC411400C7DD30;
			remoteInfo = EssentialFeed;
		};
		DFF98D4F2B62C6490064FA4D /* PBXContainerItemProxy */ = {
			isa = PBXContainerItemProxy;
			containerPortal = 412771A628EC411400C7DD30 /* Project object */;
			proxyType = 1;
			remoteGlobalIDString = DFF98D432B62C6480064FA4D;
			remoteInfo = EssentialFeediOS;
		};
		DFF98D602B64712E0064FA4D /* PBXContainerItemProxy */ = {
			isa = PBXContainerItemProxy;
			containerPortal = 412771A628EC411400C7DD30 /* Project object */;
			proxyType = 1;
			remoteGlobalIDString = 412771AE28EC411400C7DD30;
			remoteInfo = EssentialFeed;
		};
/* End PBXContainerItemProxy section */

/* Begin PBXCopyFilesBuildPhase section */
		DFF98D622B64712E0064FA4D /* Embed Frameworks */ = {
			isa = PBXCopyFilesBuildPhase;
			buildActionMask = 2147483647;
			dstPath = "";
			dstSubfolderSpec = 10;
			files = (
				DFF98D5F2B64712E0064FA4D /* EssentialFeed.framework in Embed Frameworks */,
			);
			name = "Embed Frameworks";
			runOnlyForDeploymentPostprocessing = 0;
		};
/* End PBXCopyFilesBuildPhase section */

/* Begin PBXFileReference section */
		2223CC0829DA255400C61402 /* CacheFeedUseCaseTests.swift */ = {isa = PBXFileReference; lastKnownFileType = sourcecode.swift; path = CacheFeedUseCaseTests.swift; sourceTree = "<group>"; };
		412771AF28EC411400C7DD30 /* EssentialFeed.framework */ = {isa = PBXFileReference; explicitFileType = wrapper.framework; includeInIndex = 0; path = EssentialFeed.framework; sourceTree = BUILT_PRODUCTS_DIR; };
		412771B228EC411400C7DD30 /* EssentialFeed.h */ = {isa = PBXFileReference; lastKnownFileType = sourcecode.c.h; path = EssentialFeed.h; sourceTree = "<group>"; };
		412771B728EC411500C7DD30 /* EssentialFeedTests.xctest */ = {isa = PBXFileReference; explicitFileType = wrapper.cfbundle; includeInIndex = 0; path = EssentialFeedTests.xctest; sourceTree = BUILT_PRODUCTS_DIR; };
		412771BC28EC411500C7DD30 /* LoadFeedFromRemoteUseCaseTests.swift */ = {isa = PBXFileReference; lastKnownFileType = sourcecode.swift; path = LoadFeedFromRemoteUseCaseTests.swift; sourceTree = "<group>"; };
		412771C728EC414300C7DD30 /* FeedImage.swift */ = {isa = PBXFileReference; lastKnownFileType = sourcecode.swift; path = FeedImage.swift; sourceTree = "<group>"; };
		412771C928EC41CB00C7DD30 /* FeedLoader.swift */ = {isa = PBXFileReference; lastKnownFileType = sourcecode.swift; path = FeedLoader.swift; sourceTree = "<group>"; };
		41B30261297E99D80092FD20 /* URLSessionHTTPClientTests.swift */ = {isa = PBXFileReference; lastKnownFileType = sourcecode.swift; path = URLSessionHTTPClientTests.swift; sourceTree = "<group>"; };
		41E794AF2951D5C400CFFDED /* HTTPClient.swift */ = {isa = PBXFileReference; lastKnownFileType = sourcecode.swift; path = HTTPClient.swift; sourceTree = "<group>"; };
		41E794B12951D6AE00CFFDED /* FeedItemsMapper.swift */ = {isa = PBXFileReference; lastKnownFileType = sourcecode.swift; path = FeedItemsMapper.swift; sourceTree = "<group>"; };
		41EA7BAB298E90FD00C3AA2F /* XCTTestCase+MemoryLeakTracking.swift */ = {isa = PBXFileReference; lastKnownFileType = sourcecode.swift; path = "XCTTestCase+MemoryLeakTracking.swift"; sourceTree = "<group>"; };
		41EA7BAD29907BE000C3AA2F /* URLSessionHTTPClient.swift */ = {isa = PBXFileReference; lastKnownFileType = sourcecode.swift; path = URLSessionHTTPClient.swift; sourceTree = "<group>"; };
		41EA7BB32991CB9E00C3AA2F /* EssentialFeedAPIEndToEndTests.xctest */ = {isa = PBXFileReference; explicitFileType = wrapper.cfbundle; includeInIndex = 0; path = EssentialFeedAPIEndToEndTests.xctest; sourceTree = BUILT_PRODUCTS_DIR; };
		41EA7BB52991CB9E00C3AA2F /* EssentialFeedAPIEndToEndTests.swift */ = {isa = PBXFileReference; lastKnownFileType = sourcecode.swift; path = EssentialFeedAPIEndToEndTests.swift; sourceTree = "<group>"; };
		41FAFB8228FEBDFD00B2BB1A /* RemoteFeedLoader.swift */ = {isa = PBXFileReference; lastKnownFileType = sourcecode.swift; path = RemoteFeedLoader.swift; sourceTree = "<group>"; };
		DF83043A2AE22D0000781C76 /* LocalFeedLoader.swift */ = {isa = PBXFileReference; lastKnownFileType = sourcecode.swift; path = LocalFeedLoader.swift; sourceTree = "<group>"; };
		DF83043C2AE2EB1200781C76 /* FeedStore.swift */ = {isa = PBXFileReference; lastKnownFileType = sourcecode.swift; path = FeedStore.swift; sourceTree = "<group>"; };
		DF83043E2AE3332700781C76 /* RemoteFeedItem.swift */ = {isa = PBXFileReference; lastKnownFileType = sourcecode.swift; path = RemoteFeedItem.swift; sourceTree = "<group>"; };
		DF8304402AE3335B00781C76 /* LocalFeedImage.swift */ = {isa = PBXFileReference; lastKnownFileType = sourcecode.swift; path = LocalFeedImage.swift; sourceTree = "<group>"; };
		DF8304422AE33BC200781C76 /* LoadFeedFromCacheUseCaseTests.swift */ = {isa = PBXFileReference; lastKnownFileType = sourcecode.swift; path = LoadFeedFromCacheUseCaseTests.swift; sourceTree = "<group>"; };
		DF8304452AE33D9200781C76 /* FeedStoreSpy.swift */ = {isa = PBXFileReference; lastKnownFileType = sourcecode.swift; path = FeedStoreSpy.swift; sourceTree = "<group>"; };
		DF83CA1B2B2D5B580077B841 /* FeedCachePolicy.swift */ = {isa = PBXFileReference; lastKnownFileType = sourcecode.swift; path = FeedCachePolicy.swift; sourceTree = "<group>"; };
		DFA99A4A2B48E1E000324BC1 /* FeedStoreSpecs.swift */ = {isa = PBXFileReference; lastKnownFileType = sourcecode.swift; path = FeedStoreSpecs.swift; sourceTree = "<group>"; };
		DFA99A4C2B48E27000324BC1 /* XCTestCase+FeedStoreSpecs.swift */ = {isa = PBXFileReference; lastKnownFileType = sourcecode.swift; path = "XCTestCase+FeedStoreSpecs.swift"; sourceTree = "<group>"; };
		DFBA115E2B6C8207008C62C0 /* FeedImagePresenter.swift */ = {isa = PBXFileReference; lastKnownFileType = sourcecode.swift; path = FeedImagePresenter.swift; sourceTree = "<group>"; };
		DFBA11602B6C8DA7008C62C0 /* Feed.storyboard */ = {isa = PBXFileReference; lastKnownFileType = file.storyboard; path = Feed.storyboard; sourceTree = "<group>"; };
		DFBA11622B6C8E2C008C62C0 /* Feed.xcassets */ = {isa = PBXFileReference; lastKnownFileType = folder.assetcatalog; path = Feed.xcassets; sourceTree = "<group>"; };
		DFBA11642B6C9D5D008C62C0 /* UITableView+Dequeing.swift */ = {isa = PBXFileReference; lastKnownFileType = sourcecode.swift; path = "UITableView+Dequeing.swift"; sourceTree = "<group>"; };
		DFBA11662B6C9E66008C62C0 /* UIImageView+Animation.swift */ = {isa = PBXFileReference; lastKnownFileType = sourcecode.swift; path = "UIImageView+Animation.swift"; sourceTree = "<group>"; };
		DFBA116A2B6D630A008C62C0 /* FeedViewControllerTests+Localization.swift */ = {isa = PBXFileReference; lastKnownFileType = sourcecode.swift; path = "FeedViewControllerTests+Localization.swift"; sourceTree = "<group>"; };
		DFBA11742B6D6620008C62C0 /* FeedLocalizationTests.swift */ = {isa = PBXFileReference; lastKnownFileType = sourcecode.swift; path = FeedLocalizationTests.swift; sourceTree = "<group>"; };
		DFBB20B42B72A59C00EC7E1D /* ErrorView.swift */ = {isa = PBXFileReference; lastKnownFileType = sourcecode.swift; path = ErrorView.swift; sourceTree = "<group>"; };
		DFBB20B72B72AFE700EC7E1D /* FeedPresenterTests.swift */ = {isa = PBXFileReference; lastKnownFileType = sourcecode.swift; path = FeedPresenterTests.swift; sourceTree = "<group>"; };
		DFBB20BC2B74582000EC7E1D /* en */ = {isa = PBXFileReference; lastKnownFileType = text.plist.strings; name = en; path = en.lproj/Feed.strings; sourceTree = "<group>"; };
		DFBB20BE2B74582700EC7E1D /* ar */ = {isa = PBXFileReference; lastKnownFileType = text.plist.strings; name = ar; path = ar.lproj/Feed.strings; sourceTree = "<group>"; };
		DFBB20BF2B74582700EC7E1D /* el */ = {isa = PBXFileReference; lastKnownFileType = text.plist.strings; name = el; path = el.lproj/Feed.strings; sourceTree = "<group>"; };
		DFBB20C02B74582800EC7E1D /* pt-BR */ = {isa = PBXFileReference; lastKnownFileType = text.plist.strings; name = "pt-BR"; path = "pt-BR.lproj/Feed.strings"; sourceTree = "<group>"; };
		DFBB20C22B7459D300EC7E1D /* FeedPresenter.swift */ = {isa = PBXFileReference; lastKnownFileType = sourcecode.swift; path = FeedPresenter.swift; sourceTree = "<group>"; };
		DFBB20C52B745B6000EC7E1D /* FeedErrorViewModel.swift */ = {isa = PBXFileReference; lastKnownFileType = sourcecode.swift; path = FeedErrorViewModel.swift; sourceTree = "<group>"; };
		DFBB20C72B745B7D00EC7E1D /* FeedLoadingViewModel.swift */ = {isa = PBXFileReference; lastKnownFileType = sourcecode.swift; path = FeedLoadingViewModel.swift; sourceTree = "<group>"; };
		DFBB20C92B745B9D00EC7E1D /* FeedViewModel.swift */ = {isa = PBXFileReference; lastKnownFileType = sourcecode.swift; path = FeedViewModel.swift; sourceTree = "<group>"; };
		DFCF41F12B66A158004E3483 /* UIView+Shimmering.swift */ = {isa = PBXFileReference; lastKnownFileType = sourcecode.swift; path = "UIView+Shimmering.swift"; sourceTree = "<group>"; };
		DFCF41F72B686372004E3483 /* FeedImageDataLoader.swift */ = {isa = PBXFileReference; lastKnownFileType = sourcecode.swift; path = FeedImageDataLoader.swift; sourceTree = "<group>"; };
		DFCF41FB2B686833004E3483 /* FeedImageCellController.swift */ = {isa = PBXFileReference; lastKnownFileType = sourcecode.swift; path = FeedImageCellController.swift; sourceTree = "<group>"; };
		DFCF41FE2B687BE9004E3483 /* FeedUIComposer.swift */ = {isa = PBXFileReference; lastKnownFileType = sourcecode.swift; path = FeedUIComposer.swift; sourceTree = "<group>"; };
		DFDF6D9F2B65A00000A20159 /* FeedImageCell.swift */ = {isa = PBXFileReference; lastKnownFileType = sourcecode.swift; path = FeedImageCell.swift; sourceTree = "<group>"; };
		DFEA06B82B16A006005D7888 /* ValidateFeedCacheUseCaseTests.swift */ = {isa = PBXFileReference; lastKnownFileType = sourcecode.swift; path = ValidateFeedCacheUseCaseTests.swift; sourceTree = "<group>"; };
		DFEA06BA2B16BC6D005D7888 /* FeedCacheTestHelpers.swift */ = {isa = PBXFileReference; lastKnownFileType = sourcecode.swift; path = FeedCacheTestHelpers.swift; sourceTree = "<group>"; };
		DFEA06BC2B16BD88005D7888 /* SharedTestHelpers.swift */ = {isa = PBXFileReference; lastKnownFileType = sourcecode.swift; path = SharedTestHelpers.swift; sourceTree = "<group>"; };
		DFF09DEA2B51E5D10011BF18 /* CoreDataFeedStoreTests.swift */ = {isa = PBXFileReference; lastKnownFileType = sourcecode.swift; path = CoreDataFeedStoreTests.swift; sourceTree = "<group>"; };
		DFF09DEC2B51E6AC0011BF18 /* CoreDataFeedStore.swift */ = {isa = PBXFileReference; lastKnownFileType = sourcecode.swift; path = CoreDataFeedStore.swift; sourceTree = "<group>"; };
		DFF09DEF2B51E8DD0011BF18 /* FeedStpre.xcdatamodel */ = {isa = PBXFileReference; lastKnownFileType = wrapper.xcdatamodel; path = FeedStpre.xcdatamodel; sourceTree = "<group>"; };
		DFF09DF22B55F71B0011BF18 /* CoreDataHelpers.swift */ = {isa = PBXFileReference; lastKnownFileType = sourcecode.swift; path = CoreDataHelpers.swift; sourceTree = "<group>"; };
		DFF09DF42B55F76B0011BF18 /* ManagedFeedImage.swift */ = {isa = PBXFileReference; lastKnownFileType = sourcecode.swift; path = ManagedFeedImage.swift; sourceTree = "<group>"; };
		DFF09DF62B55F7B30011BF18 /* ManagedCache.swift */ = {isa = PBXFileReference; lastKnownFileType = sourcecode.swift; path = ManagedCache.swift; sourceTree = "<group>"; };
		DFF09E1A2B560E080011BF18 /* EssentialFeedCacheIntergrationTests.xctest */ = {isa = PBXFileReference; explicitFileType = wrapper.cfbundle; includeInIndex = 0; path = EssentialFeedCacheIntergrationTests.xctest; sourceTree = BUILT_PRODUCTS_DIR; };
		DFF09E1C2B560E080011BF18 /* EssentialFeedCacheIntergrationTests.swift */ = {isa = PBXFileReference; lastKnownFileType = sourcecode.swift; path = EssentialFeedCacheIntergrationTests.swift; sourceTree = "<group>"; };
		DFF09E242B560EF20011BF18 /* EssentialFeedCacheIntergrationTests.xctestplan */ = {isa = PBXFileReference; lastKnownFileType = text; path = EssentialFeedCacheIntergrationTests.xctestplan; sourceTree = SOURCE_ROOT; };
		DFF98D442B62C6480064FA4D /* EssentialFeediOS.framework */ = {isa = PBXFileReference; explicitFileType = wrapper.framework; includeInIndex = 0; path = EssentialFeediOS.framework; sourceTree = BUILT_PRODUCTS_DIR; };
		DFF98D472B62C6480064FA4D /* EssentialFeediOS.docc */ = {isa = PBXFileReference; lastKnownFileType = folder.documentationcatalog; path = EssentialFeediOS.docc; sourceTree = "<group>"; };
		DFF98D4D2B62C6490064FA4D /* EssentialFeediOSTests.xctest */ = {isa = PBXFileReference; explicitFileType = wrapper.cfbundle; includeInIndex = 0; path = EssentialFeediOSTests.xctest; sourceTree = BUILT_PRODUCTS_DIR; };
		DFF98D5B2B646D330064FA4D /* FeedViewControllerTests.swift */ = {isa = PBXFileReference; lastKnownFileType = sourcecode.swift; path = FeedViewControllerTests.swift; sourceTree = "<group>"; };
		DFF98D642B648F620064FA4D /* FeedViewController.swift */ = {isa = PBXFileReference; lastKnownFileType = sourcecode.swift; path = FeedViewController.swift; sourceTree = "<group>"; };
/* End PBXFileReference section */

/* Begin PBXFrameworksBuildPhase section */
		412771AC28EC411400C7DD30 /* Frameworks */ = {
			isa = PBXFrameworksBuildPhase;
			buildActionMask = 2147483647;
			files = (
			);
			runOnlyForDeploymentPostprocessing = 0;
		};
		412771B428EC411500C7DD30 /* Frameworks */ = {
			isa = PBXFrameworksBuildPhase;
			buildActionMask = 2147483647;
			files = (
				412771B828EC411500C7DD30 /* EssentialFeed.framework in Frameworks */,
			);
			runOnlyForDeploymentPostprocessing = 0;
		};
		41EA7BB02991CB9E00C3AA2F /* Frameworks */ = {
			isa = PBXFrameworksBuildPhase;
			buildActionMask = 2147483647;
			files = (
				41EA7BB72991CB9E00C3AA2F /* EssentialFeed.framework in Frameworks */,
			);
			runOnlyForDeploymentPostprocessing = 0;
		};
		DFF09E172B560E080011BF18 /* Frameworks */ = {
			isa = PBXFrameworksBuildPhase;
			buildActionMask = 2147483647;
			files = (
				DFF09E1E2B560E080011BF18 /* EssentialFeed.framework in Frameworks */,
			);
			runOnlyForDeploymentPostprocessing = 0;
		};
		DFF98D412B62C6480064FA4D /* Frameworks */ = {
			isa = PBXFrameworksBuildPhase;
			buildActionMask = 2147483647;
			files = (
				DFF98D5E2B64712E0064FA4D /* EssentialFeed.framework in Frameworks */,
			);
			runOnlyForDeploymentPostprocessing = 0;
		};
		DFF98D4A2B62C6490064FA4D /* Frameworks */ = {
			isa = PBXFrameworksBuildPhase;
			buildActionMask = 2147483647;
			files = (
				DFF98D4E2B62C6490064FA4D /* EssentialFeediOS.framework in Frameworks */,
			);
			runOnlyForDeploymentPostprocessing = 0;
		};
/* End PBXFrameworksBuildPhase section */

/* Begin PBXGroup section */
		2223CC0729DA252500C61402 /* Feed Cache */ = {
			isa = PBXGroup;
			children = (
				DF8304442AE33D8100781C76 /* Helpers */,
				2223CC0829DA255400C61402 /* CacheFeedUseCaseTests.swift */,
				DF8304422AE33BC200781C76 /* LoadFeedFromCacheUseCaseTests.swift */,
				DFEA06B82B16A006005D7888 /* ValidateFeedCacheUseCaseTests.swift */,
				DFA99A4A2B48E1E000324BC1 /* FeedStoreSpecs.swift */,
				DFA99A4C2B48E27000324BC1 /* XCTestCase+FeedStoreSpecs.swift */,
				DFF09DEA2B51E5D10011BF18 /* CoreDataFeedStoreTests.swift */,
			);
			path = "Feed Cache";
			sourceTree = "<group>";
		};
		41130824296F7CA400B32F21 /* Feed API */ = {
			isa = PBXGroup;
			children = (
				412771BC28EC411500C7DD30 /* LoadFeedFromRemoteUseCaseTests.swift */,
				41B30261297E99D80092FD20 /* URLSessionHTTPClientTests.swift */,
			);
			path = "Feed API";
			sourceTree = "<group>";
		};
		412771A528EC411400C7DD30 = {
			isa = PBXGroup;
			children = (
				412771B128EC411400C7DD30 /* EssentialFeed */,
				412771BB28EC411500C7DD30 /* EssentialFeedTests */,
				41EA7BB42991CB9E00C3AA2F /* EssentialFeedAPIEndToEndTests */,
				DFF09E1B2B560E080011BF18 /* EssentialFeedCacheIntergrationTests */,
				DFF98D452B62C6480064FA4D /* EssentialFeediOS */,
				DFF98D512B62C6490064FA4D /* EssentialFeediOSTests */,
				412771B028EC411400C7DD30 /* Products */,
				DFF98D5D2B64712E0064FA4D /* Frameworks */,
			);
			sourceTree = "<group>";
		};
		412771B028EC411400C7DD30 /* Products */ = {
			isa = PBXGroup;
			children = (
				412771AF28EC411400C7DD30 /* EssentialFeed.framework */,
				412771B728EC411500C7DD30 /* EssentialFeedTests.xctest */,
				41EA7BB32991CB9E00C3AA2F /* EssentialFeedAPIEndToEndTests.xctest */,
				DFF09E1A2B560E080011BF18 /* EssentialFeedCacheIntergrationTests.xctest */,
				DFF98D442B62C6480064FA4D /* EssentialFeediOS.framework */,
				DFF98D4D2B62C6490064FA4D /* EssentialFeediOSTests.xctest */,
			);
			name = Products;
			sourceTree = "<group>";
		};
		412771B128EC411400C7DD30 /* EssentialFeed */ = {
			isa = PBXGroup;
			children = (
				412771B228EC411400C7DD30 /* EssentialFeed.h */,
				DF8304392AE22CD900781C76 /* Feed Cache */,
				412771CB28EC426F00C7DD30 /* Feed Feature */,
				41FAFB8128FEBDC300B2BB1A /* Feed API */,
				DFBB20C12B74599700EC7E1D /* Feed Presentation */,
			);
			path = EssentialFeed;
			sourceTree = "<group>";
		};
		412771BB28EC411500C7DD30 /* EssentialFeedTests */ = {
			isa = PBXGroup;
			children = (
				DFBB20B62B72AFCC00EC7E1D /* Feed Presentation */,
				41EA7BAA298E90D900C3AA2F /* Helpers */,
				2223CC0729DA252500C61402 /* Feed Cache */,
				41130824296F7CA400B32F21 /* Feed API */,
			);
			path = EssentialFeedTests;
			sourceTree = "<group>";
		};
		412771CB28EC426F00C7DD30 /* Feed Feature */ = {
			isa = PBXGroup;
			children = (
				412771C728EC414300C7DD30 /* FeedImage.swift */,
				412771C928EC41CB00C7DD30 /* FeedLoader.swift */,
			);
			path = "Feed Feature";
			sourceTree = "<group>";
		};
		41EA7BAA298E90D900C3AA2F /* Helpers */ = {
			isa = PBXGroup;
			children = (
				41EA7BAB298E90FD00C3AA2F /* XCTTestCase+MemoryLeakTracking.swift */,
				DFEA06BC2B16BD88005D7888 /* SharedTestHelpers.swift */,
			);
			path = Helpers;
			sourceTree = "<group>";
		};
		41EA7BB42991CB9E00C3AA2F /* EssentialFeedAPIEndToEndTests */ = {
			isa = PBXGroup;
			children = (
				41EA7BB52991CB9E00C3AA2F /* EssentialFeedAPIEndToEndTests.swift */,
			);
			path = EssentialFeedAPIEndToEndTests;
			sourceTree = "<group>";
		};
		41FAFB8128FEBDC300B2BB1A /* Feed API */ = {
			isa = PBXGroup;
			children = (
				41FAFB8228FEBDFD00B2BB1A /* RemoteFeedLoader.swift */,
				41E794AF2951D5C400CFFDED /* HTTPClient.swift */,
				41E794B12951D6AE00CFFDED /* FeedItemsMapper.swift */,
				41EA7BAD29907BE000C3AA2F /* URLSessionHTTPClient.swift */,
				DF83043E2AE3332700781C76 /* RemoteFeedItem.swift */,
			);
			path = "Feed API";
			sourceTree = "<group>";
		};
		DF8304392AE22CD900781C76 /* Feed Cache */ = {
			isa = PBXGroup;
			children = (
				DFF09DF12B55F6130011BF18 /* Infrastructure */,
				DF83043A2AE22D0000781C76 /* LocalFeedLoader.swift */,
				DF83043C2AE2EB1200781C76 /* FeedStore.swift */,
				DF8304402AE3335B00781C76 /* LocalFeedImage.swift */,
				DF83CA1B2B2D5B580077B841 /* FeedCachePolicy.swift */,
			);
			path = "Feed Cache";
			sourceTree = "<group>";
		};
		DF8304442AE33D8100781C76 /* Helpers */ = {
			isa = PBXGroup;
			children = (
				DF8304452AE33D9200781C76 /* FeedStoreSpy.swift */,
				DFEA06BA2B16BC6D005D7888 /* FeedCacheTestHelpers.swift */,
			);
			path = Helpers;
			sourceTree = "<group>";
		};
		DFBA116C2B6D63A1008C62C0 /* Helpers */ = {
			isa = PBXGroup;
			children = (
				DFBA116A2B6D630A008C62C0 /* FeedViewControllerTests+Localization.swift */,
			);
			path = Helpers;
			sourceTree = "<group>";
		};
		DFBA11732B6D6607008C62C0 /* Feed Presentation */ = {
			isa = PBXGroup;
			children = (
				DFBA11742B6D6620008C62C0 /* FeedLocalizationTests.swift */,
			);
			path = "Feed Presentation";
			sourceTree = "<group>";
		};
		DFBB20B62B72AFCC00EC7E1D /* Feed Presentation */ = {
			isa = PBXGroup;
			children = (
				DFBB20B72B72AFE700EC7E1D /* FeedPresenterTests.swift */,
			);
			path = "Feed Presentation";
			sourceTree = "<group>";
		};
		DFBB20C12B74599700EC7E1D /* Feed Presentation */ = {
			isa = PBXGroup;
			children = (
				DFBB20BD2B74582000EC7E1D /* Feed.strings */,
				DFBB20C22B7459D300EC7E1D /* FeedPresenter.swift */,
				DFBB20C52B745B6000EC7E1D /* FeedErrorViewModel.swift */,
				DFBB20C72B745B7D00EC7E1D /* FeedLoadingViewModel.swift */,
				DFBB20C92B745B9D00EC7E1D /* FeedViewModel.swift */,
			);
			path = "Feed Presentation";
			sourceTree = "<group>";
		};
		DFCF41F32B686272004E3483 /* Feed Image Loader */ = {
			isa = PBXGroup;
			children = (
				DFCF41F72B686372004E3483 /* FeedImageDataLoader.swift */,
			);
			path = "Feed Image Loader";
			sourceTree = "<group>";
		};
		DFCF41F42B686286004E3483 /* Feed UI */ = {
			isa = PBXGroup;
			children = (
				DFCF41FD2B687BD7004E3483 /* Composers */,
				DFCF41F52B68628F004E3483 /* Controllers */,
				DFCF41F62B6862A7004E3483 /* Views */,
			);
			path = "Feed UI";
			sourceTree = "<group>";
		};
		DFCF41F52B68628F004E3483 /* Controllers */ = {
			isa = PBXGroup;
			children = (
				DFF98D642B648F620064FA4D /* FeedViewController.swift */,
				DFCF41FB2B686833004E3483 /* FeedImageCellController.swift */,
			);
			path = Controllers;
			sourceTree = "<group>";
		};
		DFCF41F62B6862A7004E3483 /* Views */ = {
			isa = PBXGroup;
			children = (
				DFDF6D9F2B65A00000A20159 /* FeedImageCell.swift */,
				DFBA11602B6C8DA7008C62C0 /* Feed.storyboard */,
				DFBA11622B6C8E2C008C62C0 /* Feed.xcassets */,
				DFCF41F12B66A158004E3483 /* UIView+Shimmering.swift */,
				DFBA11642B6C9D5D008C62C0 /* UITableView+Dequeing.swift */,
				DFBA11662B6C9E66008C62C0 /* UIImageView+Animation.swift */,
				DFBB20B42B72A59C00EC7E1D /* ErrorView.swift */,
			);
			path = Views;
			sourceTree = "<group>";
		};
		DFCF41FD2B687BD7004E3483 /* Composers */ = {
			isa = PBXGroup;
			children = (
				DFCF41FE2B687BE9004E3483 /* FeedUIComposer.swift */,
			);
			path = Composers;
			sourceTree = "<group>";
		};
		DFCF42002B69AA71004E3483 /* Feed Presentation */ = {
			isa = PBXGroup;
			children = (
				DFBA115E2B6C8207008C62C0 /* FeedImagePresenter.swift */,
			);
			path = "Feed Presentation";
			sourceTree = "<group>";
		};
		DFF09DF12B55F6130011BF18 /* Infrastructure */ = {
			isa = PBXGroup;
			children = (
				DFF09DEC2B51E6AC0011BF18 /* CoreDataFeedStore.swift */,
				DFF09DF42B55F76B0011BF18 /* ManagedFeedImage.swift */,
				DFF09DF62B55F7B30011BF18 /* ManagedCache.swift */,
				DFF09DF22B55F71B0011BF18 /* CoreDataHelpers.swift */,
				DFF09DEE2B51E8DD0011BF18 /* FeedStore.xcdatamodeld */,
			);
			path = Infrastructure;
			sourceTree = "<group>";
		};
		DFF09E1B2B560E080011BF18 /* EssentialFeedCacheIntergrationTests */ = {
			isa = PBXGroup;
			children = (
				DFF09E242B560EF20011BF18 /* EssentialFeedCacheIntergrationTests.xctestplan */,
				DFF09E1C2B560E080011BF18 /* EssentialFeedCacheIntergrationTests.swift */,
			);
			path = EssentialFeedCacheIntergrationTests;
			sourceTree = "<group>";
		};
		DFF98D452B62C6480064FA4D /* EssentialFeediOS */ = {
			isa = PBXGroup;
			children = (
				DFCF42002B69AA71004E3483 /* Feed Presentation */,
				DFCF41F42B686286004E3483 /* Feed UI */,
				DFCF41F32B686272004E3483 /* Feed Image Loader */,
				DFF98D472B62C6480064FA4D /* EssentialFeediOS.docc */,
			);
			path = EssentialFeediOS;
			sourceTree = "<group>";
		};
		DFF98D512B62C6490064FA4D /* EssentialFeediOSTests */ = {
			isa = PBXGroup;
			children = (
				DFBA11732B6D6607008C62C0 /* Feed Presentation */,
				DFBA116C2B6D63A1008C62C0 /* Helpers */,
				DFF98D5B2B646D330064FA4D /* FeedViewControllerTests.swift */,
			);
			path = EssentialFeediOSTests;
			sourceTree = "<group>";
		};
		DFF98D5D2B64712E0064FA4D /* Frameworks */ = {
			isa = PBXGroup;
			children = (
			);
			name = Frameworks;
			sourceTree = "<group>";
		};
/* End PBXGroup section */

/* Begin PBXHeadersBuildPhase section */
		412771AA28EC411400C7DD30 /* Headers */ = {
			isa = PBXHeadersBuildPhase;
			buildActionMask = 2147483647;
			files = (
				412771BE28EC411500C7DD30 /* EssentialFeed.h in Headers */,
			);
			runOnlyForDeploymentPostprocessing = 0;
		};
		DFF98D3F2B62C6480064FA4D /* Headers */ = {
			isa = PBXHeadersBuildPhase;
			buildActionMask = 2147483647;
			files = (
			);
			runOnlyForDeploymentPostprocessing = 0;
		};
/* End PBXHeadersBuildPhase section */

/* Begin PBXNativeTarget section */
		412771AE28EC411400C7DD30 /* EssentialFeed */ = {
			isa = PBXNativeTarget;
			buildConfigurationList = 412771C128EC411500C7DD30 /* Build configuration list for PBXNativeTarget "EssentialFeed" */;
			buildPhases = (
				412771AA28EC411400C7DD30 /* Headers */,
				412771AB28EC411400C7DD30 /* Sources */,
				412771AC28EC411400C7DD30 /* Frameworks */,
				412771AD28EC411400C7DD30 /* Resources */,
			);
			buildRules = (
			);
			dependencies = (
			);
			name = EssentialFeed;
			productName = EssentialFeed;
			productReference = 412771AF28EC411400C7DD30 /* EssentialFeed.framework */;
			productType = "com.apple.product-type.framework";
		};
		412771B628EC411500C7DD30 /* EssentialFeedTests */ = {
			isa = PBXNativeTarget;
			buildConfigurationList = 412771C428EC411500C7DD30 /* Build configuration list for PBXNativeTarget "EssentialFeedTests" */;
			buildPhases = (
				412771B328EC411500C7DD30 /* Sources */,
				412771B428EC411500C7DD30 /* Frameworks */,
				412771B528EC411500C7DD30 /* Resources */,
			);
			buildRules = (
			);
			dependencies = (
				412771BA28EC411500C7DD30 /* PBXTargetDependency */,
			);
			name = EssentialFeedTests;
			productName = EssentialFeedTests;
			productReference = 412771B728EC411500C7DD30 /* EssentialFeedTests.xctest */;
			productType = "com.apple.product-type.bundle.unit-test";
		};
		41EA7BB22991CB9E00C3AA2F /* EssentialFeedAPIEndToEndTests */ = {
			isa = PBXNativeTarget;
			buildConfigurationList = 41EA7BBA2991CB9E00C3AA2F /* Build configuration list for PBXNativeTarget "EssentialFeedAPIEndToEndTests" */;
			buildPhases = (
				41EA7BAF2991CB9E00C3AA2F /* Sources */,
				41EA7BB02991CB9E00C3AA2F /* Frameworks */,
				41EA7BB12991CB9E00C3AA2F /* Resources */,
			);
			buildRules = (
			);
			dependencies = (
				41EA7BB92991CB9E00C3AA2F /* PBXTargetDependency */,
			);
			name = EssentialFeedAPIEndToEndTests;
			productName = EssentialFeedAPIEndToEndTests;
			productReference = 41EA7BB32991CB9E00C3AA2F /* EssentialFeedAPIEndToEndTests.xctest */;
			productType = "com.apple.product-type.bundle.unit-test";
		};
		DFF09E192B560E080011BF18 /* EssentialFeedCacheIntergrationTests */ = {
			isa = PBXNativeTarget;
			buildConfigurationList = DFF09E232B560E080011BF18 /* Build configuration list for PBXNativeTarget "EssentialFeedCacheIntergrationTests" */;
			buildPhases = (
				DFF09E162B560E080011BF18 /* Sources */,
				DFF09E172B560E080011BF18 /* Frameworks */,
				DFF09E182B560E080011BF18 /* Resources */,
			);
			buildRules = (
			);
			dependencies = (
				DFF09E202B560E080011BF18 /* PBXTargetDependency */,
			);
			name = EssentialFeedCacheIntergrationTests;
			productName = EssentialFeedCacheIntergrationTests;
			productReference = DFF09E1A2B560E080011BF18 /* EssentialFeedCacheIntergrationTests.xctest */;
			productType = "com.apple.product-type.bundle.unit-test";
		};
		DFF98D432B62C6480064FA4D /* EssentialFeediOS */ = {
			isa = PBXNativeTarget;
			buildConfigurationList = DFF98D552B62C6490064FA4D /* Build configuration list for PBXNativeTarget "EssentialFeediOS" */;
			buildPhases = (
				DFF98D3F2B62C6480064FA4D /* Headers */,
				DFF98D402B62C6480064FA4D /* Sources */,
				DFF98D412B62C6480064FA4D /* Frameworks */,
				DFF98D422B62C6480064FA4D /* Resources */,
				DFF98D622B64712E0064FA4D /* Embed Frameworks */,
			);
			buildRules = (
			);
			dependencies = (
				DFF98D612B64712E0064FA4D /* PBXTargetDependency */,
			);
			name = EssentialFeediOS;
			productName = EssentialFeediOS;
			productReference = DFF98D442B62C6480064FA4D /* EssentialFeediOS.framework */;
			productType = "com.apple.product-type.framework";
		};
		DFF98D4C2B62C6490064FA4D /* EssentialFeediOSTests */ = {
			isa = PBXNativeTarget;
			buildConfigurationList = DFF98D582B62C6490064FA4D /* Build configuration list for PBXNativeTarget "EssentialFeediOSTests" */;
			buildPhases = (
				DFF98D492B62C6490064FA4D /* Sources */,
				DFF98D4A2B62C6490064FA4D /* Frameworks */,
				DFF98D4B2B62C6490064FA4D /* Resources */,
			);
			buildRules = (
			);
			dependencies = (
				DFF98D502B62C6490064FA4D /* PBXTargetDependency */,
			);
			name = EssentialFeediOSTests;
			productName = EssentialFeediOSTests;
			productReference = DFF98D4D2B62C6490064FA4D /* EssentialFeediOSTests.xctest */;
			productType = "com.apple.product-type.bundle.unit-test";
		};
/* End PBXNativeTarget section */

/* Begin PBXProject section */
		412771A628EC411400C7DD30 /* Project object */ = {
			isa = PBXProject;
			attributes = {
				BuildIndependentTargetsInParallel = 1;
				LastSwiftUpdateCheck = 1510;
				LastUpgradeCheck = 1340;
				TargetAttributes = {
					412771AE28EC411400C7DD30 = {
						CreatedOnToolsVersion = 13.4.1;
						LastSwiftMigration = 1340;
					};
					412771B628EC411500C7DD30 = {
						CreatedOnToolsVersion = 13.4.1;
					};
					41EA7BB22991CB9E00C3AA2F = {
						CreatedOnToolsVersion = 14.2;
					};
					DFF09E192B560E080011BF18 = {
						CreatedOnToolsVersion = 15.1;
					};
					DFF98D432B62C6480064FA4D = {
						CreatedOnToolsVersion = 15.1;
					};
					DFF98D4C2B62C6490064FA4D = {
						CreatedOnToolsVersion = 15.1;
						LastSwiftMigration = 1510;
					};
				};
			};
			buildConfigurationList = 412771A928EC411400C7DD30 /* Build configuration list for PBXProject "EssentialFeed" */;
			compatibilityVersion = "Xcode 13.0";
			developmentRegion = en;
			hasScannedForEncodings = 0;
			knownRegions = (
				en,
				Base,
				"pt-BR",
				ar,
				el,
			);
			mainGroup = 412771A528EC411400C7DD30;
			productRefGroup = 412771B028EC411400C7DD30 /* Products */;
			projectDirPath = "";
			projectRoot = "";
			targets = (
				412771AE28EC411400C7DD30 /* EssentialFeed */,
				412771B628EC411500C7DD30 /* EssentialFeedTests */,
				41EA7BB22991CB9E00C3AA2F /* EssentialFeedAPIEndToEndTests */,
				DFF09E192B560E080011BF18 /* EssentialFeedCacheIntergrationTests */,
				DFF98D432B62C6480064FA4D /* EssentialFeediOS */,
				DFF98D4C2B62C6490064FA4D /* EssentialFeediOSTests */,
			);
		};
/* End PBXProject section */

/* Begin PBXResourcesBuildPhase section */
		412771AD28EC411400C7DD30 /* Resources */ = {
			isa = PBXResourcesBuildPhase;
			buildActionMask = 2147483647;
			files = (
				DFBB20C42B745B0300EC7E1D /* Feed.strings in Resources */,
			);
			runOnlyForDeploymentPostprocessing = 0;
		};
		412771B528EC411500C7DD30 /* Resources */ = {
			isa = PBXResourcesBuildPhase;
			buildActionMask = 2147483647;
			files = (
			);
			runOnlyForDeploymentPostprocessing = 0;
		};
		41EA7BB12991CB9E00C3AA2F /* Resources */ = {
			isa = PBXResourcesBuildPhase;
			buildActionMask = 2147483647;
			files = (
			);
			runOnlyForDeploymentPostprocessing = 0;
		};
		DFF09E182B560E080011BF18 /* Resources */ = {
			isa = PBXResourcesBuildPhase;
			buildActionMask = 2147483647;
			files = (
			);
			runOnlyForDeploymentPostprocessing = 0;
		};
		DFF98D422B62C6480064FA4D /* Resources */ = {
			isa = PBXResourcesBuildPhase;
			buildActionMask = 2147483647;
			files = (
				DFBA11612B6C8DA7008C62C0 /* Feed.storyboard in Resources */,
				DFBA11632B6C8E2C008C62C0 /* Feed.xcassets in Resources */,
			);
			runOnlyForDeploymentPostprocessing = 0;
		};
		DFF98D4B2B62C6490064FA4D /* Resources */ = {
			isa = PBXResourcesBuildPhase;
			buildActionMask = 2147483647;
			files = (
			);
			runOnlyForDeploymentPostprocessing = 0;
		};
/* End PBXResourcesBuildPhase section */

/* Begin PBXSourcesBuildPhase section */
		412771AB28EC411400C7DD30 /* Sources */ = {
			isa = PBXSourcesBuildPhase;
			buildActionMask = 2147483647;
			files = (
				DFF09DF32B55F71B0011BF18 /* CoreDataHelpers.swift in Sources */,
				DFF09DF02B51E8DD0011BF18 /* FeedStore.xcdatamodeld in Sources */,
				41E794B22951D6AE00CFFDED /* FeedItemsMapper.swift in Sources */,
				412771CA28EC41CB00C7DD30 /* FeedLoader.swift in Sources */,
				DF83043F2AE3332700781C76 /* RemoteFeedItem.swift in Sources */,
				DFF09DF52B55F76B0011BF18 /* ManagedFeedImage.swift in Sources */,
				DF83CA1C2B2D5B580077B841 /* FeedCachePolicy.swift in Sources */,
				41FAFB8328FEBDFD00B2BB1A /* RemoteFeedLoader.swift in Sources */,
				DF8304412AE3335B00781C76 /* LocalFeedImage.swift in Sources */,
				DFBB20C62B745B6000EC7E1D /* FeedErrorViewModel.swift in Sources */,
				DFBB20CA2B745B9D00EC7E1D /* FeedViewModel.swift in Sources */,
				DFF09DF72B55F7B30011BF18 /* ManagedCache.swift in Sources */,
				DF83043D2AE2EB1200781C76 /* FeedStore.swift in Sources */,
				DF83043B2AE22D0000781C76 /* LocalFeedLoader.swift in Sources */,
				DFBB20C32B7459D300EC7E1D /* FeedPresenter.swift in Sources */,
				41E794B02951D5C400CFFDED /* HTTPClient.swift in Sources */,
				412771C828EC414300C7DD30 /* FeedImage.swift in Sources */,
				41EA7BAE29907BE000C3AA2F /* URLSessionHTTPClient.swift in Sources */,
				DFBB20C82B745B7D00EC7E1D /* FeedLoadingViewModel.swift in Sources */,
				DFF09DED2B51E6AC0011BF18 /* CoreDataFeedStore.swift in Sources */,
			);
			runOnlyForDeploymentPostprocessing = 0;
		};
		412771B328EC411500C7DD30 /* Sources */ = {
			isa = PBXSourcesBuildPhase;
			buildActionMask = 2147483647;
			files = (
				DFBB20B82B72AFE700EC7E1D /* FeedPresenterTests.swift in Sources */,
				DFF09DEB2B51E5D10011BF18 /* CoreDataFeedStoreTests.swift in Sources */,
				DFEA06BB2B16BC6D005D7888 /* FeedCacheTestHelpers.swift in Sources */,
				DFEA06B92B16A006005D7888 /* ValidateFeedCacheUseCaseTests.swift in Sources */,
				412771BD28EC411500C7DD30 /* LoadFeedFromRemoteUseCaseTests.swift in Sources */,
				41B30262297E99D80092FD20 /* URLSessionHTTPClientTests.swift in Sources */,
				DF8304462AE33D9200781C76 /* FeedStoreSpy.swift in Sources */,
				DFEA06BD2B16BD88005D7888 /* SharedTestHelpers.swift in Sources */,
				2223CC0929DA255400C61402 /* CacheFeedUseCaseTests.swift in Sources */,
				DF8304432AE33BC200781C76 /* LoadFeedFromCacheUseCaseTests.swift in Sources */,
				DFA99A4B2B48E1E000324BC1 /* FeedStoreSpecs.swift in Sources */,
				41EA7BAC298E90FD00C3AA2F /* XCTTestCase+MemoryLeakTracking.swift in Sources */,
				DFA99A4D2B48E27000324BC1 /* XCTestCase+FeedStoreSpecs.swift in Sources */,
			);
			runOnlyForDeploymentPostprocessing = 0;
		};
		41EA7BAF2991CB9E00C3AA2F /* Sources */ = {
			isa = PBXSourcesBuildPhase;
			buildActionMask = 2147483647;
			files = (
				4109CA28299732DE0090B715 /* XCTTestCase+MemoryLeakTracking.swift in Sources */,
				41EA7BB62991CB9E00C3AA2F /* EssentialFeedAPIEndToEndTests.swift in Sources */,
			);
			runOnlyForDeploymentPostprocessing = 0;
		};
		DFF09E162B560E080011BF18 /* Sources */ = {
			isa = PBXSourcesBuildPhase;
			buildActionMask = 2147483647;
			files = (
				DFF09E272B594D270011BF18 /* SharedTestHelpers.swift in Sources */,
				DFF09E252B56116E0011BF18 /* XCTTestCase+MemoryLeakTracking.swift in Sources */,
				DFF09E262B594D1E0011BF18 /* FeedCacheTestHelpers.swift in Sources */,
				DFF09E1D2B560E080011BF18 /* EssentialFeedCacheIntergrationTests.swift in Sources */,
			);
			runOnlyForDeploymentPostprocessing = 0;
		};
		DFF98D402B62C6480064FA4D /* Sources */ = {
			isa = PBXSourcesBuildPhase;
			buildActionMask = 2147483647;
			files = (
				DFCF41F82B686372004E3483 /* FeedImageDataLoader.swift in Sources */,
				DFBA11672B6C9E66008C62C0 /* UIImageView+Animation.swift in Sources */,
				DFCF41FF2B687BE9004E3483 /* FeedUIComposer.swift in Sources */,
				DFF98D652B648F620064FA4D /* FeedViewController.swift in Sources */,
				DFBA115F2B6C8207008C62C0 /* FeedImagePresenter.swift in Sources */,
				DFCF41FC2B686833004E3483 /* FeedImageCellController.swift in Sources */,
				DFBB20B52B72A59C00EC7E1D /* ErrorView.swift in Sources */,
				DFCF41F22B66A158004E3483 /* UIView+Shimmering.swift in Sources */,
				DFBA11652B6C9D5D008C62C0 /* UITableView+Dequeing.swift in Sources */,
				DFDF6DA02B65A00000A20159 /* FeedImageCell.swift in Sources */,
				DFF98D482B62C6480064FA4D /* EssentialFeediOS.docc in Sources */,
			);
			runOnlyForDeploymentPostprocessing = 0;
		};
		DFF98D492B62C6490064FA4D /* Sources */ = {
			isa = PBXSourcesBuildPhase;
			buildActionMask = 2147483647;
			files = (
				DFF98D632B647A790064FA4D /* XCTTestCase+MemoryLeakTracking.swift in Sources */,
				DFF98D5C2B646D330064FA4D /* FeedViewControllerTests.swift in Sources */,
				DFBA11752B6D6620008C62C0 /* FeedLocalizationTests.swift in Sources */,
				DFBA116B2B6D630A008C62C0 /* FeedViewControllerTests+Localization.swift in Sources */,
			);
			runOnlyForDeploymentPostprocessing = 0;
		};
/* End PBXSourcesBuildPhase section */

/* Begin PBXTargetDependency section */
		412771BA28EC411500C7DD30 /* PBXTargetDependency */ = {
			isa = PBXTargetDependency;
			target = 412771AE28EC411400C7DD30 /* EssentialFeed */;
			targetProxy = 412771B928EC411500C7DD30 /* PBXContainerItemProxy */;
		};
		41EA7BB92991CB9E00C3AA2F /* PBXTargetDependency */ = {
			isa = PBXTargetDependency;
			target = 412771AE28EC411400C7DD30 /* EssentialFeed */;
			targetProxy = 41EA7BB82991CB9E00C3AA2F /* PBXContainerItemProxy */;
		};
		DFF09E202B560E080011BF18 /* PBXTargetDependency */ = {
			isa = PBXTargetDependency;
			target = 412771AE28EC411400C7DD30 /* EssentialFeed */;
			targetProxy = DFF09E1F2B560E080011BF18 /* PBXContainerItemProxy */;
		};
		DFF98D502B62C6490064FA4D /* PBXTargetDependency */ = {
			isa = PBXTargetDependency;
			target = DFF98D432B62C6480064FA4D /* EssentialFeediOS */;
			targetProxy = DFF98D4F2B62C6490064FA4D /* PBXContainerItemProxy */;
		};
		DFF98D612B64712E0064FA4D /* PBXTargetDependency */ = {
			isa = PBXTargetDependency;
			platformFilter = ios;
			target = 412771AE28EC411400C7DD30 /* EssentialFeed */;
			targetProxy = DFF98D602B64712E0064FA4D /* PBXContainerItemProxy */;
		};
/* End PBXTargetDependency section */

/* Begin PBXVariantGroup section */
		DFBB20BD2B74582000EC7E1D /* Feed.strings */ = {
			isa = PBXVariantGroup;
			children = (
				DFBB20BC2B74582000EC7E1D /* en */,
				DFBB20BE2B74582700EC7E1D /* ar */,
				DFBB20BF2B74582700EC7E1D /* el */,
				DFBB20C02B74582800EC7E1D /* pt-BR */,
			);
			name = Feed.strings;
			sourceTree = "<group>";
		};
/* End PBXVariantGroup section */

/* Begin XCBuildConfiguration section */
		412771BF28EC411500C7DD30 /* Debug */ = {
			isa = XCBuildConfiguration;
			buildSettings = {
				ALWAYS_SEARCH_USER_PATHS = NO;
				CLANG_ANALYZER_LOCALIZABILITY_NONLOCALIZED = YES;
				CLANG_ANALYZER_NONNULL = YES;
				CLANG_ANALYZER_NUMBER_OBJECT_CONVERSION = YES_AGGRESSIVE;
				CLANG_CXX_LANGUAGE_STANDARD = "gnu++17";
				CLANG_ENABLE_MODULES = YES;
				CLANG_ENABLE_OBJC_ARC = YES;
				CLANG_ENABLE_OBJC_WEAK = YES;
				CLANG_WARN_BLOCK_CAPTURE_AUTORELEASING = YES;
				CLANG_WARN_BOOL_CONVERSION = YES;
				CLANG_WARN_COMMA = YES;
				CLANG_WARN_CONSTANT_CONVERSION = YES;
				CLANG_WARN_DEPRECATED_OBJC_IMPLEMENTATIONS = YES;
				CLANG_WARN_DIRECT_OBJC_ISA_USAGE = YES_ERROR;
				CLANG_WARN_DOCUMENTATION_COMMENTS = YES;
				CLANG_WARN_EMPTY_BODY = YES;
				CLANG_WARN_ENUM_CONVERSION = YES;
				CLANG_WARN_INFINITE_RECURSION = YES;
				CLANG_WARN_INT_CONVERSION = YES;
				CLANG_WARN_NON_LITERAL_NULL_CONVERSION = YES;
				CLANG_WARN_OBJC_IMPLICIT_RETAIN_SELF = YES;
				CLANG_WARN_OBJC_LITERAL_CONVERSION = YES;
				CLANG_WARN_OBJC_ROOT_CLASS = YES_ERROR;
				CLANG_WARN_QUOTED_INCLUDE_IN_FRAMEWORK_HEADER = YES;
				CLANG_WARN_RANGE_LOOP_ANALYSIS = YES;
				CLANG_WARN_STRICT_PROTOTYPES = YES;
				CLANG_WARN_SUSPICIOUS_MOVE = YES;
				CLANG_WARN_UNGUARDED_AVAILABILITY = YES_AGGRESSIVE;
				CLANG_WARN_UNREACHABLE_CODE = YES;
				CLANG_WARN__DUPLICATE_METHOD_MATCH = YES;
				COPY_PHASE_STRIP = NO;
				CURRENT_PROJECT_VERSION = 1;
				DEBUG_INFORMATION_FORMAT = dwarf;
				ENABLE_STRICT_OBJC_MSGSEND = YES;
				ENABLE_TESTABILITY = YES;
				GCC_C_LANGUAGE_STANDARD = gnu11;
				GCC_DYNAMIC_NO_PIC = NO;
				GCC_NO_COMMON_BLOCKS = YES;
				GCC_OPTIMIZATION_LEVEL = 0;
				GCC_PREPROCESSOR_DEFINITIONS = (
					"DEBUG=1",
					"$(inherited)",
				);
				GCC_WARN_64_TO_32_BIT_CONVERSION = YES;
				GCC_WARN_ABOUT_RETURN_TYPE = YES_ERROR;
				GCC_WARN_UNDECLARED_SELECTOR = YES;
				GCC_WARN_UNINITIALIZED_AUTOS = YES_AGGRESSIVE;
				GCC_WARN_UNUSED_FUNCTION = YES;
				GCC_WARN_UNUSED_VARIABLE = YES;
				MACOSX_DEPLOYMENT_TARGET = 12.3;
				MTL_ENABLE_DEBUG_INFO = INCLUDE_SOURCE;
				MTL_FAST_MATH = YES;
				ONLY_ACTIVE_ARCH = YES;
				SDKROOT = macosx;
				SWIFT_ACTIVE_COMPILATION_CONDITIONS = DEBUG;
				SWIFT_OPTIMIZATION_LEVEL = "-Onone";
				VERSIONING_SYSTEM = "apple-generic";
				VERSION_INFO_PREFIX = "";
			};
			name = Debug;
		};
		412771C028EC411500C7DD30 /* Release */ = {
			isa = XCBuildConfiguration;
			buildSettings = {
				ALWAYS_SEARCH_USER_PATHS = NO;
				CLANG_ANALYZER_LOCALIZABILITY_NONLOCALIZED = YES;
				CLANG_ANALYZER_NONNULL = YES;
				CLANG_ANALYZER_NUMBER_OBJECT_CONVERSION = YES_AGGRESSIVE;
				CLANG_CXX_LANGUAGE_STANDARD = "gnu++17";
				CLANG_ENABLE_MODULES = YES;
				CLANG_ENABLE_OBJC_ARC = YES;
				CLANG_ENABLE_OBJC_WEAK = YES;
				CLANG_WARN_BLOCK_CAPTURE_AUTORELEASING = YES;
				CLANG_WARN_BOOL_CONVERSION = YES;
				CLANG_WARN_COMMA = YES;
				CLANG_WARN_CONSTANT_CONVERSION = YES;
				CLANG_WARN_DEPRECATED_OBJC_IMPLEMENTATIONS = YES;
				CLANG_WARN_DIRECT_OBJC_ISA_USAGE = YES_ERROR;
				CLANG_WARN_DOCUMENTATION_COMMENTS = YES;
				CLANG_WARN_EMPTY_BODY = YES;
				CLANG_WARN_ENUM_CONVERSION = YES;
				CLANG_WARN_INFINITE_RECURSION = YES;
				CLANG_WARN_INT_CONVERSION = YES;
				CLANG_WARN_NON_LITERAL_NULL_CONVERSION = YES;
				CLANG_WARN_OBJC_IMPLICIT_RETAIN_SELF = YES;
				CLANG_WARN_OBJC_LITERAL_CONVERSION = YES;
				CLANG_WARN_OBJC_ROOT_CLASS = YES_ERROR;
				CLANG_WARN_QUOTED_INCLUDE_IN_FRAMEWORK_HEADER = YES;
				CLANG_WARN_RANGE_LOOP_ANALYSIS = YES;
				CLANG_WARN_STRICT_PROTOTYPES = YES;
				CLANG_WARN_SUSPICIOUS_MOVE = YES;
				CLANG_WARN_UNGUARDED_AVAILABILITY = YES_AGGRESSIVE;
				CLANG_WARN_UNREACHABLE_CODE = YES;
				CLANG_WARN__DUPLICATE_METHOD_MATCH = YES;
				COPY_PHASE_STRIP = NO;
				CURRENT_PROJECT_VERSION = 1;
				DEBUG_INFORMATION_FORMAT = "dwarf-with-dsym";
				ENABLE_NS_ASSERTIONS = NO;
				ENABLE_STRICT_OBJC_MSGSEND = YES;
				GCC_C_LANGUAGE_STANDARD = gnu11;
				GCC_NO_COMMON_BLOCKS = YES;
				GCC_WARN_64_TO_32_BIT_CONVERSION = YES;
				GCC_WARN_ABOUT_RETURN_TYPE = YES_ERROR;
				GCC_WARN_UNDECLARED_SELECTOR = YES;
				GCC_WARN_UNINITIALIZED_AUTOS = YES_AGGRESSIVE;
				GCC_WARN_UNUSED_FUNCTION = YES;
				GCC_WARN_UNUSED_VARIABLE = YES;
				MACOSX_DEPLOYMENT_TARGET = 12.3;
				MTL_ENABLE_DEBUG_INFO = NO;
				MTL_FAST_MATH = YES;
				SDKROOT = macosx;
				SWIFT_COMPILATION_MODE = wholemodule;
				SWIFT_OPTIMIZATION_LEVEL = "-O";
				VERSIONING_SYSTEM = "apple-generic";
				VERSION_INFO_PREFIX = "";
			};
			name = Release;
		};
		412771C228EC411500C7DD30 /* Debug */ = {
			isa = XCBuildConfiguration;
			buildSettings = {
				CLANG_ENABLE_MODULES = YES;
				CODE_SIGN_STYLE = Automatic;
				COMBINE_HIDPI_IMAGES = YES;
				CURRENT_PROJECT_VERSION = 1;
				DEFINES_MODULE = YES;
				DYLIB_COMPATIBILITY_VERSION = 1;
				DYLIB_CURRENT_VERSION = 1;
				DYLIB_INSTALL_NAME_BASE = "@rpath";
				GENERATE_INFOPLIST_FILE = YES;
				INFOPLIST_KEY_NSHumanReadableCopyright = "";
				INSTALL_PATH = "$(LOCAL_LIBRARY_DIR)/Frameworks";
				LD_RUNPATH_SEARCH_PATHS = (
					"$(inherited)",
					"@executable_path/../Frameworks",
					"@loader_path/Frameworks",
				);
				MARKETING_VERSION = 1.0;
				PRODUCT_BUNDLE_IDENTIFIER = omarPractice.EssentialFeed;
				PRODUCT_NAME = "$(TARGET_NAME:c99extidentifier)";
				SDKROOT = macosx;
				SKIP_INSTALL = YES;
				SUPPORTED_PLATFORMS = "macosx iphoneos iphonesimulator";
				SWIFT_EMIT_LOC_STRINGS = YES;
				SWIFT_OPTIMIZATION_LEVEL = "-Onone";
				SWIFT_VERSION = 5.0;
			};
			name = Debug;
		};
		412771C328EC411500C7DD30 /* Release */ = {
			isa = XCBuildConfiguration;
			buildSettings = {
				CLANG_ENABLE_MODULES = YES;
				CODE_SIGN_STYLE = Automatic;
				COMBINE_HIDPI_IMAGES = YES;
				CURRENT_PROJECT_VERSION = 1;
				DEFINES_MODULE = YES;
				DYLIB_COMPATIBILITY_VERSION = 1;
				DYLIB_CURRENT_VERSION = 1;
				DYLIB_INSTALL_NAME_BASE = "@rpath";
				GENERATE_INFOPLIST_FILE = YES;
				INFOPLIST_KEY_NSHumanReadableCopyright = "";
				INSTALL_PATH = "$(LOCAL_LIBRARY_DIR)/Frameworks";
				LD_RUNPATH_SEARCH_PATHS = (
					"$(inherited)",
					"@executable_path/../Frameworks",
					"@loader_path/Frameworks",
				);
				MARKETING_VERSION = 1.0;
				PRODUCT_BUNDLE_IDENTIFIER = omarPractice.EssentialFeed;
				PRODUCT_NAME = "$(TARGET_NAME:c99extidentifier)";
				SDKROOT = macosx;
				SKIP_INSTALL = YES;
				SUPPORTED_PLATFORMS = "macosx iphoneos iphonesimulator";
				SWIFT_EMIT_LOC_STRINGS = YES;
				SWIFT_VERSION = 5.0;
			};
			name = Release;
		};
		412771C528EC411500C7DD30 /* Debug */ = {
			isa = XCBuildConfiguration;
			buildSettings = {
				ALWAYS_EMBED_SWIFT_STANDARD_LIBRARIES = YES;
				CODE_SIGN_STYLE = Automatic;
				CURRENT_PROJECT_VERSION = 1;
				GENERATE_INFOPLIST_FILE = YES;
				MARKETING_VERSION = 1.0;
				PRODUCT_BUNDLE_IDENTIFIER = omarPractice.EssentialFeedTests;
				PRODUCT_NAME = "$(TARGET_NAME)";
				SUPPORTED_PLATFORMS = "macosx iphoneos iphonesimulator";
				SWIFT_EMIT_LOC_STRINGS = NO;
				SWIFT_VERSION = 5.0;
			};
			name = Debug;
		};
		412771C628EC411500C7DD30 /* Release */ = {
			isa = XCBuildConfiguration;
			buildSettings = {
				ALWAYS_EMBED_SWIFT_STANDARD_LIBRARIES = YES;
				CODE_SIGN_STYLE = Automatic;
				CURRENT_PROJECT_VERSION = 1;
				GENERATE_INFOPLIST_FILE = YES;
				MARKETING_VERSION = 1.0;
				PRODUCT_BUNDLE_IDENTIFIER = omarPractice.EssentialFeedTests;
				PRODUCT_NAME = "$(TARGET_NAME)";
				SUPPORTED_PLATFORMS = "macosx iphoneos iphonesimulator";
				SWIFT_EMIT_LOC_STRINGS = NO;
				SWIFT_VERSION = 5.0;
			};
			name = Release;
		};
		41EA7BBB2991CB9E00C3AA2F /* Debug */ = {
			isa = XCBuildConfiguration;
			buildSettings = {
				CLANG_CXX_LANGUAGE_STANDARD = "gnu++20";
				CODE_SIGN_STYLE = Automatic;
				CURRENT_PROJECT_VERSION = 1;
				GENERATE_INFOPLIST_FILE = YES;
				MACOSX_DEPLOYMENT_TARGET = 13.0;
				MARKETING_VERSION = 1.0;
				PRODUCT_BUNDLE_IDENTIFIER = omarPractice.EssentialFeedAPIEndToEndTests;
				PRODUCT_NAME = "$(TARGET_NAME)";
				SUPPORTED_PLATFORMS = "macosx iphoneos iphonesimulator";
				SWIFT_EMIT_LOC_STRINGS = NO;
				SWIFT_VERSION = 5.0;
			};
			name = Debug;
		};
		41EA7BBC2991CB9E00C3AA2F /* Release */ = {
			isa = XCBuildConfiguration;
			buildSettings = {
				CLANG_CXX_LANGUAGE_STANDARD = "gnu++20";
				CODE_SIGN_STYLE = Automatic;
				CURRENT_PROJECT_VERSION = 1;
				GENERATE_INFOPLIST_FILE = YES;
				MACOSX_DEPLOYMENT_TARGET = 13.0;
				MARKETING_VERSION = 1.0;
				PRODUCT_BUNDLE_IDENTIFIER = omarPractice.EssentialFeedAPIEndToEndTests;
				PRODUCT_NAME = "$(TARGET_NAME)";
				SUPPORTED_PLATFORMS = "macosx iphoneos iphonesimulator";
				SWIFT_EMIT_LOC_STRINGS = NO;
				SWIFT_VERSION = 5.0;
			};
			name = Release;
		};
		DFF09E212B560E080011BF18 /* Debug */ = {
			isa = XCBuildConfiguration;
			buildSettings = {
				ASSETCATALOG_COMPILER_GENERATE_SWIFT_ASSET_SYMBOL_EXTENSIONS = YES;
				CLANG_CXX_LANGUAGE_STANDARD = "gnu++20";
				CODE_SIGN_STYLE = Automatic;
				CURRENT_PROJECT_VERSION = 1;
				ENABLE_USER_SCRIPT_SANDBOXING = YES;
				GCC_C_LANGUAGE_STANDARD = gnu17;
				GENERATE_INFOPLIST_FILE = YES;
				LOCALIZATION_PREFERS_STRING_CATALOGS = YES;
				MACOSX_DEPLOYMENT_TARGET = 14.0;
				MARKETING_VERSION = 1.0;
				PRODUCT_BUNDLE_IDENTIFIER = cc.EssentialFeedCacheIntergrationTests;
				PRODUCT_NAME = "$(TARGET_NAME)";
				SUPPORTED_PLATFORMS = "macosx iphoneos iphonesimulator";
				SWIFT_ACTIVE_COMPILATION_CONDITIONS = "DEBUG $(inherited)";
				SWIFT_EMIT_LOC_STRINGS = NO;
				SWIFT_VERSION = 5.0;
			};
			name = Debug;
		};
		DFF09E222B560E080011BF18 /* Release */ = {
			isa = XCBuildConfiguration;
			buildSettings = {
				ASSETCATALOG_COMPILER_GENERATE_SWIFT_ASSET_SYMBOL_EXTENSIONS = YES;
				CLANG_CXX_LANGUAGE_STANDARD = "gnu++20";
				CODE_SIGN_STYLE = Automatic;
				CURRENT_PROJECT_VERSION = 1;
				ENABLE_USER_SCRIPT_SANDBOXING = YES;
				GCC_C_LANGUAGE_STANDARD = gnu17;
				GENERATE_INFOPLIST_FILE = YES;
				LOCALIZATION_PREFERS_STRING_CATALOGS = YES;
				MACOSX_DEPLOYMENT_TARGET = 14.0;
				MARKETING_VERSION = 1.0;
				PRODUCT_BUNDLE_IDENTIFIER = cc.EssentialFeedCacheIntergrationTests;
				PRODUCT_NAME = "$(TARGET_NAME)";
				SUPPORTED_PLATFORMS = "macosx iphoneos iphonesimulator";
				SWIFT_EMIT_LOC_STRINGS = NO;
				SWIFT_VERSION = 5.0;
			};
			name = Release;
		};
		DFF98D562B62C6490064FA4D /* Debug */ = {
			isa = XCBuildConfiguration;
			buildSettings = {
				ALLOW_TARGET_PLATFORM_SPECIALIZATION = YES;
				ASSETCATALOG_COMPILER_GENERATE_SWIFT_ASSET_SYMBOL_EXTENSIONS = YES;
				CLANG_CXX_LANGUAGE_STANDARD = "gnu++20";
				CODE_SIGN_STYLE = Automatic;
				CURRENT_PROJECT_VERSION = 1;
				DEFINES_MODULE = YES;
				DYLIB_COMPATIBILITY_VERSION = 1;
				DYLIB_CURRENT_VERSION = 1;
				DYLIB_INSTALL_NAME_BASE = "@rpath";
				ENABLE_MODULE_VERIFIER = YES;
				ENABLE_USER_SCRIPT_SANDBOXING = YES;
				GCC_C_LANGUAGE_STANDARD = gnu17;
				GENERATE_INFOPLIST_FILE = YES;
				INFOPLIST_KEY_NSHumanReadableCopyright = "";
				INSTALL_PATH = "$(LOCAL_LIBRARY_DIR)/Frameworks";
				IPHONEOS_DEPLOYMENT_TARGET = 17.2;
				LD_RUNPATH_SEARCH_PATHS = (
					"$(inherited)",
					"@executable_path/Frameworks",
					"@loader_path/Frameworks",
				);
				LOCALIZATION_PREFERS_STRING_CATALOGS = YES;
				MARKETING_VERSION = 1.0;
				MODULE_VERIFIER_SUPPORTED_LANGUAGES = "objective-c objective-c++";
				MODULE_VERIFIER_SUPPORTED_LANGUAGE_STANDARDS = "gnu17 gnu++20";
				PRODUCT_BUNDLE_IDENTIFIER = cc.EssentialFeediOS;
				PRODUCT_NAME = "$(TARGET_NAME:c99extidentifier)";
				SDKROOT = iphoneos;
				SKIP_INSTALL = YES;
				SUPPORTED_PLATFORMS = "iphonesimulator iphoneos";
				SUPPORTS_MACCATALYST = YES;
				SWIFT_ACTIVE_COMPILATION_CONDITIONS = "DEBUG $(inherited)";
				SWIFT_EMIT_LOC_STRINGS = YES;
				SWIFT_VERSION = 5.0;
				TARGETED_DEVICE_FAMILY = "1,2";
			};
			name = Debug;
		};
		DFF98D572B62C6490064FA4D /* Release */ = {
			isa = XCBuildConfiguration;
			buildSettings = {
				ALLOW_TARGET_PLATFORM_SPECIALIZATION = YES;
				ASSETCATALOG_COMPILER_GENERATE_SWIFT_ASSET_SYMBOL_EXTENSIONS = YES;
				CLANG_CXX_LANGUAGE_STANDARD = "gnu++20";
				CODE_SIGN_STYLE = Automatic;
				CURRENT_PROJECT_VERSION = 1;
				DEFINES_MODULE = YES;
				DYLIB_COMPATIBILITY_VERSION = 1;
				DYLIB_CURRENT_VERSION = 1;
				DYLIB_INSTALL_NAME_BASE = "@rpath";
				ENABLE_MODULE_VERIFIER = YES;
				ENABLE_USER_SCRIPT_SANDBOXING = YES;
				GCC_C_LANGUAGE_STANDARD = gnu17;
				GENERATE_INFOPLIST_FILE = YES;
				INFOPLIST_KEY_NSHumanReadableCopyright = "";
				INSTALL_PATH = "$(LOCAL_LIBRARY_DIR)/Frameworks";
				IPHONEOS_DEPLOYMENT_TARGET = 17.2;
				LD_RUNPATH_SEARCH_PATHS = (
					"$(inherited)",
					"@executable_path/Frameworks",
					"@loader_path/Frameworks",
				);
				LOCALIZATION_PREFERS_STRING_CATALOGS = YES;
				MARKETING_VERSION = 1.0;
				MODULE_VERIFIER_SUPPORTED_LANGUAGES = "objective-c objective-c++";
				MODULE_VERIFIER_SUPPORTED_LANGUAGE_STANDARDS = "gnu17 gnu++20";
				PRODUCT_BUNDLE_IDENTIFIER = cc.EssentialFeediOS;
				PRODUCT_NAME = "$(TARGET_NAME:c99extidentifier)";
				SDKROOT = iphoneos;
				SKIP_INSTALL = YES;
				SUPPORTED_PLATFORMS = "iphonesimulator iphoneos";
				SUPPORTS_MACCATALYST = YES;
				SWIFT_EMIT_LOC_STRINGS = YES;
				SWIFT_VERSION = 5.0;
				TARGETED_DEVICE_FAMILY = "1,2";
				VALIDATE_PRODUCT = YES;
			};
			name = Release;
		};
		DFF98D592B62C6490064FA4D /* Debug */ = {
			isa = XCBuildConfiguration;
			buildSettings = {
				ALWAYS_EMBED_SWIFT_STANDARD_LIBRARIES = YES;
				ASSETCATALOG_COMPILER_GENERATE_SWIFT_ASSET_SYMBOL_EXTENSIONS = YES;
				CLANG_CXX_LANGUAGE_STANDARD = "gnu++20";
				CLANG_ENABLE_MODULES = YES;
				CODE_SIGN_STYLE = Automatic;
				CURRENT_PROJECT_VERSION = 1;
				ENABLE_USER_SCRIPT_SANDBOXING = YES;
				GCC_C_LANGUAGE_STANDARD = gnu17;
				GENERATE_INFOPLIST_FILE = YES;
				IPHONEOS_DEPLOYMENT_TARGET = 17.2;
				LOCALIZATION_PREFERS_STRING_CATALOGS = YES;
				MARKETING_VERSION = 1.0;
				PRODUCT_BUNDLE_IDENTIFIER = cc.EssentialFeediOSTests;
				PRODUCT_NAME = "$(TARGET_NAME)";
				SDKROOT = iphoneos;
				SWIFT_ACTIVE_COMPILATION_CONDITIONS = "DEBUG $(inherited)";
				SWIFT_EMIT_LOC_STRINGS = NO;
				SWIFT_OPTIMIZATION_LEVEL = "-Onone";
				SWIFT_VERSION = 5.0;
				TARGETED_DEVICE_FAMILY = "1,2";
			};
			name = Debug;
		};
		DFF98D5A2B62C6490064FA4D /* Release */ = {
			isa = XCBuildConfiguration;
			buildSettings = {
				ALWAYS_EMBED_SWIFT_STANDARD_LIBRARIES = YES;
				ASSETCATALOG_COMPILER_GENERATE_SWIFT_ASSET_SYMBOL_EXTENSIONS = YES;
				CLANG_CXX_LANGUAGE_STANDARD = "gnu++20";
				CLANG_ENABLE_MODULES = YES;
				CODE_SIGN_STYLE = Automatic;
				CURRENT_PROJECT_VERSION = 1;
				ENABLE_USER_SCRIPT_SANDBOXING = YES;
				GCC_C_LANGUAGE_STANDARD = gnu17;
				GENERATE_INFOPLIST_FILE = YES;
				IPHONEOS_DEPLOYMENT_TARGET = 17.2;
				LOCALIZATION_PREFERS_STRING_CATALOGS = YES;
				MARKETING_VERSION = 1.0;
				PRODUCT_BUNDLE_IDENTIFIER = cc.EssentialFeediOSTests;
				PRODUCT_NAME = "$(TARGET_NAME)";
				SDKROOT = iphoneos;
				SWIFT_EMIT_LOC_STRINGS = NO;
				SWIFT_VERSION = 5.0;
				TARGETED_DEVICE_FAMILY = "1,2";
				VALIDATE_PRODUCT = YES;
			};
			name = Release;
		};
/* End XCBuildConfiguration section */

/* Begin XCConfigurationList section */
		412771A928EC411400C7DD30 /* Build configuration list for PBXProject "EssentialFeed" */ = {
			isa = XCConfigurationList;
			buildConfigurations = (
				412771BF28EC411500C7DD30 /* Debug */,
				412771C028EC411500C7DD30 /* Release */,
			);
			defaultConfigurationIsVisible = 0;
			defaultConfigurationName = Release;
		};
		412771C128EC411500C7DD30 /* Build configuration list for PBXNativeTarget "EssentialFeed" */ = {
			isa = XCConfigurationList;
			buildConfigurations = (
				412771C228EC411500C7DD30 /* Debug */,
				412771C328EC411500C7DD30 /* Release */,
			);
			defaultConfigurationIsVisible = 0;
			defaultConfigurationName = Release;
		};
		412771C428EC411500C7DD30 /* Build configuration list for PBXNativeTarget "EssentialFeedTests" */ = {
			isa = XCConfigurationList;
			buildConfigurations = (
				412771C528EC411500C7DD30 /* Debug */,
				412771C628EC411500C7DD30 /* Release */,
			);
			defaultConfigurationIsVisible = 0;
			defaultConfigurationName = Release;
		};
		41EA7BBA2991CB9E00C3AA2F /* Build configuration list for PBXNativeTarget "EssentialFeedAPIEndToEndTests" */ = {
			isa = XCConfigurationList;
			buildConfigurations = (
				41EA7BBB2991CB9E00C3AA2F /* Debug */,
				41EA7BBC2991CB9E00C3AA2F /* Release */,
			);
			defaultConfigurationIsVisible = 0;
			defaultConfigurationName = Release;
		};
		DFF09E232B560E080011BF18 /* Build configuration list for PBXNativeTarget "EssentialFeedCacheIntergrationTests" */ = {
			isa = XCConfigurationList;
			buildConfigurations = (
				DFF09E212B560E080011BF18 /* Debug */,
				DFF09E222B560E080011BF18 /* Release */,
			);
			defaultConfigurationIsVisible = 0;
			defaultConfigurationName = Release;
		};
		DFF98D552B62C6490064FA4D /* Build configuration list for PBXNativeTarget "EssentialFeediOS" */ = {
			isa = XCConfigurationList;
			buildConfigurations = (
				DFF98D562B62C6490064FA4D /* Debug */,
				DFF98D572B62C6490064FA4D /* Release */,
			);
			defaultConfigurationIsVisible = 0;
			defaultConfigurationName = Release;
		};
		DFF98D582B62C6490064FA4D /* Build configuration list for PBXNativeTarget "EssentialFeediOSTests" */ = {
			isa = XCConfigurationList;
			buildConfigurations = (
				DFF98D592B62C6490064FA4D /* Debug */,
				DFF98D5A2B62C6490064FA4D /* Release */,
			);
			defaultConfigurationIsVisible = 0;
			defaultConfigurationName = Release;
		};
/* End XCConfigurationList section */

/* Begin XCVersionGroup section */
		DFF09DEE2B51E8DD0011BF18 /* FeedStore.xcdatamodeld */ = {
			isa = XCVersionGroup;
			children = (
				DFF09DEF2B51E8DD0011BF18 /* FeedStpre.xcdatamodel */,
			);
			currentVersion = DFF09DEF2B51E8DD0011BF18 /* FeedStpre.xcdatamodel */;
			path = FeedStore.xcdatamodeld;
			sourceTree = "<group>";
			versionGroupType = wrapper.xcdatamodel;
		};
/* End XCVersionGroup section */
	};
	rootObject = 412771A628EC411400C7DD30 /* Project object */;
}
