// !$*UTF8*$!
{
	archiveVersion = 1;
	classes = {
	};
	objectVersion = 56;
	objects = {

/* Begin PBXBuildFile section */
		DF4523122B898ADF000EC6D9 /* AppDelegate.swift in Sources */ = {isa = PBXBuildFile; fileRef = DF4523112B898ADF000EC6D9 /* AppDelegate.swift */; };
		DF4523142B898ADF000EC6D9 /* SceneDelegate.swift in Sources */ = {isa = PBXBuildFile; fileRef = DF4523132B898ADF000EC6D9 /* SceneDelegate.swift */; };
		DF4523162B898ADF000EC6D9 /* ViewController.swift in Sources */ = {isa = PBXBuildFile; fileRef = DF4523152B898ADF000EC6D9 /* ViewController.swift */; };
		DF4523192B898ADF000EC6D9 /* Main.storyboard in Resources */ = {isa = PBXBuildFile; fileRef = DF4523172B898ADF000EC6D9 /* Main.storyboard */; };
		DF45231B2B898AE1000EC6D9 /* Assets.xcassets in Resources */ = {isa = PBXBuildFile; fileRef = DF45231A2B898AE1000EC6D9 /* Assets.xcassets */; };
		DF45231E2B898AE1000EC6D9 /* LaunchScreen.storyboard in Resources */ = {isa = PBXBuildFile; fileRef = DF45231C2B898AE1000EC6D9 /* LaunchScreen.storyboard */; };
		DF4523332B898AE1000EC6D9 /* EssentialAppUITests.swift in Sources */ = {isa = PBXBuildFile; fileRef = DF4523322B898AE1000EC6D9 /* EssentialAppUITests.swift */; };
		DF4523352B898AE1000EC6D9 /* EssentialAppUITestsLaunchTests.swift in Sources */ = {isa = PBXBuildFile; fileRef = DF4523342B898AE1000EC6D9 /* EssentialAppUITestsLaunchTests.swift */; };
		DF4B7A442B8DD5FD0037E893 /* RemoteWithLocalFallbackFeedLoaderTests.swift in Sources */ = {isa = PBXBuildFile; fileRef = DF4B7A432B8DD5FD0037E893 /* RemoteWithLocalFallbackFeedLoaderTests.swift */; };
		DF56F7D62B898BB80015B9A6 /* EssentialFeed.framework in Frameworks */ = {isa = PBXBuildFile; fileRef = DF56F7D52B898BB80015B9A6 /* EssentialFeed.framework */; };
		DF56F7D72B898BB80015B9A6 /* EssentialFeed.framework in Embed Frameworks */ = {isa = PBXBuildFile; fileRef = DF56F7D52B898BB80015B9A6 /* EssentialFeed.framework */; settings = {ATTRIBUTES = (CodeSignOnCopy, RemoveHeadersOnCopy, ); }; };
		DF56F7DA2B898BC10015B9A6 /* EssentialFeediOS.framework in Frameworks */ = {isa = PBXBuildFile; fileRef = DF56F7D92B898BC10015B9A6 /* EssentialFeediOS.framework */; };
		DF56F7DB2B898BC10015B9A6 /* EssentialFeediOS.framework in Embed Frameworks */ = {isa = PBXBuildFile; fileRef = DF56F7D92B898BC10015B9A6 /* EssentialFeediOS.framework */; settings = {ATTRIBUTES = (CodeSignOnCopy, RemoveHeadersOnCopy, ); }; };
		DFDCF66A2BB396A6003AA452 /* FeedLoaderWithFallbackComposite.swift in Sources */ = {isa = PBXBuildFile; fileRef = DFDCF6692BB396A6003AA452 /* FeedLoaderWithFallbackComposite.swift */; };
		DFDCF66C2BB3976D003AA452 /* FeedImageDataLoaderWithFallbackCompositeTests.swift in Sources */ = {isa = PBXBuildFile; fileRef = DFDCF66B2BB3976D003AA452 /* FeedImageDataLoaderWithFallbackCompositeTests.swift */; };
		DFDCF66E2BB39EB3003AA452 /* FeedImageDataLoaderWithFallbackComposite.swift in Sources */ = {isa = PBXBuildFile; fileRef = DFDCF66D2BB39EB3003AA452 /* FeedImageDataLoaderWithFallbackComposite.swift */; };
		DFDCF6712BB39F28003AA452 /* XCTestCase+MemoryLeakTracking.swift in Sources */ = {isa = PBXBuildFile; fileRef = DFDCF6702BB39F28003AA452 /* XCTestCase+MemoryLeakTracking.swift */; };
		DFDCF6732BB39F8C003AA452 /* SharedTestHelpers.swift in Sources */ = {isa = PBXBuildFile; fileRef = DFDCF6722BB39F8C003AA452 /* SharedTestHelpers.swift */; };
		DFDCF6762BB4E8EF003AA452 /* FeedLoaderCacheDecorateTests.swift in Sources */ = {isa = PBXBuildFile; fileRef = DFDCF6742BB4E804003AA452 /* FeedLoaderCacheDecorateTests.swift */; };
		DFDCF6782BB4E9B3003AA452 /* FeedLoaderStub.swift in Sources */ = {isa = PBXBuildFile; fileRef = DFDCF6772BB4E9B3003AA452 /* FeedLoaderStub.swift */; };
		DFDCF67A2BB4EAD4003AA452 /* XCTestCase+FeedLoader.swift in Sources */ = {isa = PBXBuildFile; fileRef = DFDCF6792BB4EAD4003AA452 /* XCTestCase+FeedLoader.swift */; };
/* End PBXBuildFile section */

/* Begin PBXContainerItemProxy section */
		DF4523252B898AE1000EC6D9 /* PBXContainerItemProxy */ = {
			isa = PBXContainerItemProxy;
			containerPortal = DF4523062B898ADF000EC6D9 /* Project object */;
			proxyType = 1;
			remoteGlobalIDString = DF45230D2B898ADF000EC6D9;
			remoteInfo = EssentialApp;
		};
		DF45232F2B898AE1000EC6D9 /* PBXContainerItemProxy */ = {
			isa = PBXContainerItemProxy;
			containerPortal = DF4523062B898ADF000EC6D9 /* Project object */;
			proxyType = 1;
			remoteGlobalIDString = DF45230D2B898ADF000EC6D9;
			remoteInfo = EssentialApp;
		};
/* End PBXContainerItemProxy section */

/* Begin PBXCopyFilesBuildPhase section */
		DF56F7D82B898BB80015B9A6 /* Embed Frameworks */ = {
			isa = PBXCopyFilesBuildPhase;
			buildActionMask = 2147483647;
			dstPath = "";
			dstSubfolderSpec = 10;
			files = (
				DF56F7D72B898BB80015B9A6 /* EssentialFeed.framework in Embed Frameworks */,
				DF56F7DB2B898BC10015B9A6 /* EssentialFeediOS.framework in Embed Frameworks */,
			);
			name = "Embed Frameworks";
			runOnlyForDeploymentPostprocessing = 0;
		};
/* End PBXCopyFilesBuildPhase section */

/* Begin PBXFileReference section */
		DF45230E2B898ADF000EC6D9 /* EssentialApp.app */ = {isa = PBXFileReference; explicitFileType = wrapper.application; includeInIndex = 0; path = EssentialApp.app; sourceTree = BUILT_PRODUCTS_DIR; };
		DF4523112B898ADF000EC6D9 /* AppDelegate.swift */ = {isa = PBXFileReference; lastKnownFileType = sourcecode.swift; path = AppDelegate.swift; sourceTree = "<group>"; };
		DF4523132B898ADF000EC6D9 /* SceneDelegate.swift */ = {isa = PBXFileReference; lastKnownFileType = sourcecode.swift; path = SceneDelegate.swift; sourceTree = "<group>"; };
		DF4523152B898ADF000EC6D9 /* ViewController.swift */ = {isa = PBXFileReference; lastKnownFileType = sourcecode.swift; path = ViewController.swift; sourceTree = "<group>"; };
		DF4523182B898ADF000EC6D9 /* Base */ = {isa = PBXFileReference; lastKnownFileType = file.storyboard; name = Base; path = Base.lproj/Main.storyboard; sourceTree = "<group>"; };
		DF45231A2B898AE1000EC6D9 /* Assets.xcassets */ = {isa = PBXFileReference; lastKnownFileType = folder.assetcatalog; path = Assets.xcassets; sourceTree = "<group>"; };
		DF45231D2B898AE1000EC6D9 /* Base */ = {isa = PBXFileReference; lastKnownFileType = file.storyboard; name = Base; path = Base.lproj/LaunchScreen.storyboard; sourceTree = "<group>"; };
		DF45231F2B898AE1000EC6D9 /* Info.plist */ = {isa = PBXFileReference; lastKnownFileType = text.plist.xml; path = Info.plist; sourceTree = "<group>"; };
		DF4523242B898AE1000EC6D9 /* EssentialAppTests.xctest */ = {isa = PBXFileReference; explicitFileType = wrapper.cfbundle; includeInIndex = 0; path = EssentialAppTests.xctest; sourceTree = BUILT_PRODUCTS_DIR; };
		DF45232E2B898AE1000EC6D9 /* EssentialAppUITests.xctest */ = {isa = PBXFileReference; explicitFileType = wrapper.cfbundle; includeInIndex = 0; path = EssentialAppUITests.xctest; sourceTree = BUILT_PRODUCTS_DIR; };
		DF4523322B898AE1000EC6D9 /* EssentialAppUITests.swift */ = {isa = PBXFileReference; lastKnownFileType = sourcecode.swift; path = EssentialAppUITests.swift; sourceTree = "<group>"; };
		DF4523342B898AE1000EC6D9 /* EssentialAppUITestsLaunchTests.swift */ = {isa = PBXFileReference; lastKnownFileType = sourcecode.swift; path = EssentialAppUITestsLaunchTests.swift; sourceTree = "<group>"; };
		DF4B7A432B8DD5FD0037E893 /* RemoteWithLocalFallbackFeedLoaderTests.swift */ = {isa = PBXFileReference; lastKnownFileType = sourcecode.swift; path = RemoteWithLocalFallbackFeedLoaderTests.swift; sourceTree = "<group>"; };
		DF56F7D52B898BB80015B9A6 /* EssentialFeed.framework */ = {isa = PBXFileReference; explicitFileType = wrapper.framework; path = EssentialFeed.framework; sourceTree = BUILT_PRODUCTS_DIR; };
		DF56F7D92B898BC10015B9A6 /* EssentialFeediOS.framework */ = {isa = PBXFileReference; explicitFileType = wrapper.framework; path = EssentialFeediOS.framework; sourceTree = BUILT_PRODUCTS_DIR; };
		DFDCF6692BB396A6003AA452 /* FeedLoaderWithFallbackComposite.swift */ = {isa = PBXFileReference; lastKnownFileType = sourcecode.swift; path = FeedLoaderWithFallbackComposite.swift; sourceTree = "<group>"; };
		DFDCF66B2BB3976D003AA452 /* FeedImageDataLoaderWithFallbackCompositeTests.swift */ = {isa = PBXFileReference; lastKnownFileType = sourcecode.swift; path = FeedImageDataLoaderWithFallbackCompositeTests.swift; sourceTree = "<group>"; };
		DFDCF66D2BB39EB3003AA452 /* FeedImageDataLoaderWithFallbackComposite.swift */ = {isa = PBXFileReference; lastKnownFileType = sourcecode.swift; path = FeedImageDataLoaderWithFallbackComposite.swift; sourceTree = "<group>"; };
		DFDCF6702BB39F28003AA452 /* XCTestCase+MemoryLeakTracking.swift */ = {isa = PBXFileReference; lastKnownFileType = sourcecode.swift; path = "XCTestCase+MemoryLeakTracking.swift"; sourceTree = "<group>"; };
		DFDCF6722BB39F8C003AA452 /* SharedTestHelpers.swift */ = {isa = PBXFileReference; lastKnownFileType = sourcecode.swift; path = SharedTestHelpers.swift; sourceTree = "<group>"; };
		DFDCF6742BB4E804003AA452 /* FeedLoaderCacheDecorateTests.swift */ = {isa = PBXFileReference; lastKnownFileType = sourcecode.swift; path = FeedLoaderCacheDecorateTests.swift; sourceTree = "<group>"; };
		DFDCF6772BB4E9B3003AA452 /* FeedLoaderStub.swift */ = {isa = PBXFileReference; lastKnownFileType = sourcecode.swift; path = FeedLoaderStub.swift; sourceTree = "<group>"; };
		DFDCF6792BB4EAD4003AA452 /* XCTestCase+FeedLoader.swift */ = {isa = PBXFileReference; lastKnownFileType = sourcecode.swift; path = "XCTestCase+FeedLoader.swift"; sourceTree = "<group>"; };
/* End PBXFileReference section */

/* Begin PBXFrameworksBuildPhase section */
		DF45230B2B898ADF000EC6D9 /* Frameworks */ = {
			isa = PBXFrameworksBuildPhase;
			buildActionMask = 2147483647;
			files = (
				DF56F7D62B898BB80015B9A6 /* EssentialFeed.framework in Frameworks */,
				DF56F7DA2B898BC10015B9A6 /* EssentialFeediOS.framework in Frameworks */,
			);
			runOnlyForDeploymentPostprocessing = 0;
		};
		DF4523212B898AE1000EC6D9 /* Frameworks */ = {
			isa = PBXFrameworksBuildPhase;
			buildActionMask = 2147483647;
			files = (
			);
			runOnlyForDeploymentPostprocessing = 0;
		};
		DF45232B2B898AE1000EC6D9 /* Frameworks */ = {
			isa = PBXFrameworksBuildPhase;
			buildActionMask = 2147483647;
			files = (
			);
			runOnlyForDeploymentPostprocessing = 0;
		};
/* End PBXFrameworksBuildPhase section */

/* Begin PBXGroup section */
		DF4523052B898ADF000EC6D9 = {
			isa = PBXGroup;
			children = (
				DF4523102B898ADF000EC6D9 /* EssentialApp */,
				DF4523272B898AE1000EC6D9 /* EssentialAppTests */,
				DF4523312B898AE1000EC6D9 /* EssentialAppUITests */,
				DF45230F2B898ADF000EC6D9 /* Products */,
				DF56F7D42B898BB80015B9A6 /* Frameworks */,
			);
			sourceTree = "<group>";
		};
		DF45230F2B898ADF000EC6D9 /* Products */ = {
			isa = PBXGroup;
			children = (
				DF45230E2B898ADF000EC6D9 /* EssentialApp.app */,
				DF4523242B898AE1000EC6D9 /* EssentialAppTests.xctest */,
				DF45232E2B898AE1000EC6D9 /* EssentialAppUITests.xctest */,
			);
			name = Products;
			sourceTree = "<group>";
		};
		DF4523102B898ADF000EC6D9 /* EssentialApp */ = {
			isa = PBXGroup;
			children = (
				DF4523112B898ADF000EC6D9 /* AppDelegate.swift */,
				DF4523132B898ADF000EC6D9 /* SceneDelegate.swift */,
				DF4523152B898ADF000EC6D9 /* ViewController.swift */,
				DF4523172B898ADF000EC6D9 /* Main.storyboard */,
				DF45231A2B898AE1000EC6D9 /* Assets.xcassets */,
				DF45231C2B898AE1000EC6D9 /* LaunchScreen.storyboard */,
				DF45231F2B898AE1000EC6D9 /* Info.plist */,
				DFDCF6692BB396A6003AA452 /* FeedLoaderWithFallbackComposite.swift */,
				DFDCF66D2BB39EB3003AA452 /* FeedImageDataLoaderWithFallbackComposite.swift */,
			);
			path = EssentialApp;
			sourceTree = "<group>";
		};
		DF4523272B898AE1000EC6D9 /* EssentialAppTests */ = {
			isa = PBXGroup;
			children = (
				DFDCF66F2BB39F0B003AA452 /* Helpers */,
				DF4B7A432B8DD5FD0037E893 /* RemoteWithLocalFallbackFeedLoaderTests.swift */,
				DFDCF66B2BB3976D003AA452 /* FeedImageDataLoaderWithFallbackCompositeTests.swift */,
				DFDCF6742BB4E804003AA452 /* FeedLoaderCacheDecorateTests.swift */,
			);
			path = EssentialAppTests;
			sourceTree = "<group>";
		};
		DF4523312B898AE1000EC6D9 /* EssentialAppUITests */ = {
			isa = PBXGroup;
			children = (
				DF4523322B898AE1000EC6D9 /* EssentialAppUITests.swift */,
				DF4523342B898AE1000EC6D9 /* EssentialAppUITestsLaunchTests.swift */,
			);
			path = EssentialAppUITests;
			sourceTree = "<group>";
		};
		DF56F7D42B898BB80015B9A6 /* Frameworks */ = {
			isa = PBXGroup;
			children = (
				DF56F7D92B898BC10015B9A6 /* EssentialFeediOS.framework */,
				DF56F7D52B898BB80015B9A6 /* EssentialFeed.framework */,
			);
			name = Frameworks;
			sourceTree = "<group>";
		};
		DFDCF66F2BB39F0B003AA452 /* Helpers */ = {
			isa = PBXGroup;
			children = (
				DFDCF6702BB39F28003AA452 /* XCTestCase+MemoryLeakTracking.swift */,
				DFDCF6722BB39F8C003AA452 /* SharedTestHelpers.swift */,
				DFDCF6772BB4E9B3003AA452 /* FeedLoaderStub.swift */,
				DFDCF6792BB4EAD4003AA452 /* XCTestCase+FeedLoader.swift */,
			);
			path = Helpers;
			sourceTree = "<group>";
		};
/* End PBXGroup section */

/* Begin PBXNativeTarget section */
		DF45230D2B898ADF000EC6D9 /* EssentialApp */ = {
			isa = PBXNativeTarget;
			buildConfigurationList = DF4523382B898AE1000EC6D9 /* Build configuration list for PBXNativeTarget "EssentialApp" */;
			buildPhases = (
				DF45230A2B898ADF000EC6D9 /* Sources */,
				DF45230B2B898ADF000EC6D9 /* Frameworks */,
				DF45230C2B898ADF000EC6D9 /* Resources */,
				DF56F7D82B898BB80015B9A6 /* Embed Frameworks */,
			);
			buildRules = (
			);
			dependencies = (
			);
			name = EssentialApp;
			productName = EssentialApp;
			productReference = DF45230E2B898ADF000EC6D9 /* EssentialApp.app */;
			productType = "com.apple.product-type.application";
		};
		DF4523232B898AE1000EC6D9 /* EssentialAppTests */ = {
			isa = PBXNativeTarget;
			buildConfigurationList = DF45233B2B898AE1000EC6D9 /* Build configuration list for PBXNativeTarget "EssentialAppTests" */;
			buildPhases = (
				DF4523202B898AE1000EC6D9 /* Sources */,
				DF4523212B898AE1000EC6D9 /* Frameworks */,
				DF4523222B898AE1000EC6D9 /* Resources */,
			);
			buildRules = (
			);
			dependencies = (
				DF4523262B898AE1000EC6D9 /* PBXTargetDependency */,
			);
			name = EssentialAppTests;
			productName = EssentialAppTests;
			productReference = DF4523242B898AE1000EC6D9 /* EssentialAppTests.xctest */;
			productType = "com.apple.product-type.bundle.unit-test";
		};
		DF45232D2B898AE1000EC6D9 /* EssentialAppUITests */ = {
			isa = PBXNativeTarget;
			buildConfigurationList = DF45233E2B898AE1000EC6D9 /* Build configuration list for PBXNativeTarget "EssentialAppUITests" */;
			buildPhases = (
				DF45232A2B898AE1000EC6D9 /* Sources */,
				DF45232B2B898AE1000EC6D9 /* Frameworks */,
				DF45232C2B898AE1000EC6D9 /* Resources */,
			);
			buildRules = (
			);
			dependencies = (
				DF4523302B898AE1000EC6D9 /* PBXTargetDependency */,
			);
			name = EssentialAppUITests;
			productName = EssentialAppUITests;
			productReference = DF45232E2B898AE1000EC6D9 /* EssentialAppUITests.xctest */;
			productType = "com.apple.product-type.bundle.ui-testing";
		};
/* End PBXNativeTarget section */

/* Begin PBXProject section */
		DF4523062B898ADF000EC6D9 /* Project object */ = {
			isa = PBXProject;
			attributes = {
				BuildIndependentTargetsInParallel = 1;
				LastSwiftUpdateCheck = 1510;
				LastUpgradeCheck = 1510;
				TargetAttributes = {
					DF45230D2B898ADF000EC6D9 = {
						CreatedOnToolsVersion = 15.1;
					};
					DF4523232B898AE1000EC6D9 = {
						CreatedOnToolsVersion = 15.1;
						LastSwiftMigration = 1510;
						TestTargetID = DF45230D2B898ADF000EC6D9;
					};
					DF45232D2B898AE1000EC6D9 = {
						CreatedOnToolsVersion = 15.1;
						TestTargetID = DF45230D2B898ADF000EC6D9;
					};
				};
			};
			buildConfigurationList = DF4523092B898ADF000EC6D9 /* Build configuration list for PBXProject "EssentialApp" */;
			compatibilityVersion = "Xcode 14.0";
			developmentRegion = en;
			hasScannedForEncodings = 0;
			knownRegions = (
				en,
				Base,
			);
			mainGroup = DF4523052B898ADF000EC6D9;
			productRefGroup = DF45230F2B898ADF000EC6D9 /* Products */;
			projectDirPath = "";
			projectRoot = "";
			targets = (
				DF45230D2B898ADF000EC6D9 /* EssentialApp */,
				DF4523232B898AE1000EC6D9 /* EssentialAppTests */,
				DF45232D2B898AE1000EC6D9 /* EssentialAppUITests */,
			);
		};
/* End PBXProject section */

/* Begin PBXResourcesBuildPhase section */
		DF45230C2B898ADF000EC6D9 /* Resources */ = {
			isa = PBXResourcesBuildPhase;
			buildActionMask = 2147483647;
			files = (
				DF45231E2B898AE1000EC6D9 /* LaunchScreen.storyboard in Resources */,
				DF45231B2B898AE1000EC6D9 /* Assets.xcassets in Resources */,
				DF4523192B898ADF000EC6D9 /* Main.storyboard in Resources */,
			);
			runOnlyForDeploymentPostprocessing = 0;
		};
		DF4523222B898AE1000EC6D9 /* Resources */ = {
			isa = PBXResourcesBuildPhase;
			buildActionMask = 2147483647;
			files = (
			);
			runOnlyForDeploymentPostprocessing = 0;
		};
		DF45232C2B898AE1000EC6D9 /* Resources */ = {
			isa = PBXResourcesBuildPhase;
			buildActionMask = 2147483647;
			files = (
			);
			runOnlyForDeploymentPostprocessing = 0;
		};
/* End PBXResourcesBuildPhase section */

/* Begin PBXSourcesBuildPhase section */
		DF45230A2B898ADF000EC6D9 /* Sources */ = {
			isa = PBXSourcesBuildPhase;
			buildActionMask = 2147483647;
			files = (
				DF4523162B898ADF000EC6D9 /* ViewController.swift in Sources */,
				DF4523122B898ADF000EC6D9 /* AppDelegate.swift in Sources */,
				DFDCF66A2BB396A6003AA452 /* FeedLoaderWithFallbackComposite.swift in Sources */,
				DF4523142B898ADF000EC6D9 /* SceneDelegate.swift in Sources */,
				DFDCF66E2BB39EB3003AA452 /* FeedImageDataLoaderWithFallbackComposite.swift in Sources */,
			);
			runOnlyForDeploymentPostprocessing = 0;
		};
		DF4523202B898AE1000EC6D9 /* Sources */ = {
			isa = PBXSourcesBuildPhase;
			buildActionMask = 2147483647;
			files = (
				DFDCF6762BB4E8EF003AA452 /* FeedLoaderCacheDecorateTests.swift in Sources */,
				DFDCF67A2BB4EAD4003AA452 /* XCTestCase+FeedLoader.swift in Sources */,
				DFDCF6732BB39F8C003AA452 /* SharedTestHelpers.swift in Sources */,
				DFDCF66C2BB3976D003AA452 /* FeedImageDataLoaderWithFallbackCompositeTests.swift in Sources */,
				DF4B7A442B8DD5FD0037E893 /* RemoteWithLocalFallbackFeedLoaderTests.swift in Sources */,
				DFDCF6782BB4E9B3003AA452 /* FeedLoaderStub.swift in Sources */,
				DFDCF6712BB39F28003AA452 /* XCTestCase+MemoryLeakTracking.swift in Sources */,
			);
			runOnlyForDeploymentPostprocessing = 0;
		};
		DF45232A2B898AE1000EC6D9 /* Sources */ = {
			isa = PBXSourcesBuildPhase;
			buildActionMask = 2147483647;
			files = (
				DF4523332B898AE1000EC6D9 /* EssentialAppUITests.swift in Sources */,
				DF4523352B898AE1000EC6D9 /* EssentialAppUITestsLaunchTests.swift in Sources */,
			);
			runOnlyForDeploymentPostprocessing = 0;
		};
/* End PBXSourcesBuildPhase section */

/* Begin PBXTargetDependency section */
		DF4523262B898AE1000EC6D9 /* PBXTargetDependency */ = {
			isa = PBXTargetDependency;
			target = DF45230D2B898ADF000EC6D9 /* EssentialApp */;
			targetProxy = DF4523252B898AE1000EC6D9 /* PBXContainerItemProxy */;
		};
		DF4523302B898AE1000EC6D9 /* PBXTargetDependency */ = {
			isa = PBXTargetDependency;
			target = DF45230D2B898ADF000EC6D9 /* EssentialApp */;
			targetProxy = DF45232F2B898AE1000EC6D9 /* PBXContainerItemProxy */;
		};
/* End PBXTargetDependency section */

/* Begin PBXVariantGroup section */
		DF4523172B898ADF000EC6D9 /* Main.storyboard */ = {
			isa = PBXVariantGroup;
			children = (
				DF4523182B898ADF000EC6D9 /* Base */,
			);
			name = Main.storyboard;
			sourceTree = "<group>";
		};
		DF45231C2B898AE1000EC6D9 /* LaunchScreen.storyboard */ = {
			isa = PBXVariantGroup;
			children = (
				DF45231D2B898AE1000EC6D9 /* Base */,
			);
			name = LaunchScreen.storyboard;
			sourceTree = "<group>";
		};
/* End PBXVariantGroup section */

/* Begin XCBuildConfiguration section */
		DF4523362B898AE1000EC6D9 /* Debug */ = {
			isa = XCBuildConfiguration;
			buildSettings = {
				ALWAYS_SEARCH_USER_PATHS = NO;
				ASSETCATALOG_COMPILER_GENERATE_SWIFT_ASSET_SYMBOL_EXTENSIONS = YES;
				CLANG_ANALYZER_NONNULL = YES;
				CLANG_ANALYZER_NUMBER_OBJECT_CONVERSION = YES_AGGRESSIVE;
				CLANG_CXX_LANGUAGE_STANDARD = "gnu++20";
				CLANG_ENABLE_MODULES = YES;
				CLANG_ENABLE_OBJC_ARC = YES;
				CLANG_ENABLE_OBJC_WEAK = YES;
				CLANG_WARN_BLOCK_CAPTURE_AUTORELEASING = YES;
				CLANG_WARN_BOOL_CONVERSION = YES;
				CLANG_WARN_COMMA = YES;
				CLANG_WARN_CONSTANT_CONVERSION = YES;
				CLANG_WARN_DEPRECATED_OBJC_IMPLEMENTATIONS = YES;
				CLANG_WARN_DIRECT_OBJC_ISA_USAGE = YES_ERROR;
				CLANG_WARN_DOCUMENTATION_COMMENTS = YES;
				CLANG_WARN_EMPTY_BODY = YES;
				CLANG_WARN_ENUM_CONVERSION = YES;
				CLANG_WARN_INFINITE_RECURSION = YES;
				CLANG_WARN_INT_CONVERSION = YES;
				CLANG_WARN_NON_LITERAL_NULL_CONVERSION = YES;
				CLANG_WARN_OBJC_IMPLICIT_RETAIN_SELF = YES;
				CLANG_WARN_OBJC_LITERAL_CONVERSION = YES;
				CLANG_WARN_OBJC_ROOT_CLASS = YES_ERROR;
				CLANG_WARN_QUOTED_INCLUDE_IN_FRAMEWORK_HEADER = YES;
				CLANG_WARN_RANGE_LOOP_ANALYSIS = YES;
				CLANG_WARN_STRICT_PROTOTYPES = YES;
				CLANG_WARN_SUSPICIOUS_MOVE = YES;
				CLANG_WARN_UNGUARDED_AVAILABILITY = YES_AGGRESSIVE;
				CLANG_WARN_UNREACHABLE_CODE = YES;
				CLANG_WARN__DUPLICATE_METHOD_MATCH = YES;
				COPY_PHASE_STRIP = NO;
				DEBUG_INFORMATION_FORMAT = dwarf;
				ENABLE_STRICT_OBJC_MSGSEND = YES;
				ENABLE_TESTABILITY = YES;
				ENABLE_USER_SCRIPT_SANDBOXING = YES;
				GCC_C_LANGUAGE_STANDARD = gnu17;
				GCC_DYNAMIC_NO_PIC = NO;
				GCC_NO_COMMON_BLOCKS = YES;
				GCC_OPTIMIZATION_LEVEL = 0;
				GCC_PREPROCESSOR_DEFINITIONS = (
					"DEBUG=1",
					"$(inherited)",
				);
				GCC_WARN_64_TO_32_BIT_CONVERSION = YES;
				GCC_WARN_ABOUT_RETURN_TYPE = YES_ERROR;
				GCC_WARN_UNDECLARED_SELECTOR = YES;
				GCC_WARN_UNINITIALIZED_AUTOS = YES_AGGRESSIVE;
				GCC_WARN_UNUSED_FUNCTION = YES;
				GCC_WARN_UNUSED_VARIABLE = YES;
				IPHONEOS_DEPLOYMENT_TARGET = 17.2;
				LOCALIZATION_PREFERS_STRING_CATALOGS = YES;
				MTL_ENABLE_DEBUG_INFO = INCLUDE_SOURCE;
				MTL_FAST_MATH = YES;
				ONLY_ACTIVE_ARCH = YES;
				SDKROOT = iphoneos;
				SWIFT_ACTIVE_COMPILATION_CONDITIONS = "DEBUG $(inherited)";
				SWIFT_OPTIMIZATION_LEVEL = "-Onone";
			};
			name = Debug;
		};
		DF4523372B898AE1000EC6D9 /* Release */ = {
			isa = XCBuildConfiguration;
			buildSettings = {
				ALWAYS_SEARCH_USER_PATHS = NO;
				ASSETCATALOG_COMPILER_GENERATE_SWIFT_ASSET_SYMBOL_EXTENSIONS = YES;
				CLANG_ANALYZER_NONNULL = YES;
				CLANG_ANALYZER_NUMBER_OBJECT_CONVERSION = YES_AGGRESSIVE;
				CLANG_CXX_LANGUAGE_STANDARD = "gnu++20";
				CLANG_ENABLE_MODULES = YES;
				CLANG_ENABLE_OBJC_ARC = YES;
				CLANG_ENABLE_OBJC_WEAK = YES;
				CLANG_WARN_BLOCK_CAPTURE_AUTORELEASING = YES;
				CLANG_WARN_BOOL_CONVERSION = YES;
				CLANG_WARN_COMMA = YES;
				CLANG_WARN_CONSTANT_CONVERSION = YES;
				CLANG_WARN_DEPRECATED_OBJC_IMPLEMENTATIONS = YES;
				CLANG_WARN_DIRECT_OBJC_ISA_USAGE = YES_ERROR;
				CLANG_WARN_DOCUMENTATION_COMMENTS = YES;
				CLANG_WARN_EMPTY_BODY = YES;
				CLANG_WARN_ENUM_CONVERSION = YES;
				CLANG_WARN_INFINITE_RECURSION = YES;
				CLANG_WARN_INT_CONVERSION = YES;
				CLANG_WARN_NON_LITERAL_NULL_CONVERSION = YES;
				CLANG_WARN_OBJC_IMPLICIT_RETAIN_SELF = YES;
				CLANG_WARN_OBJC_LITERAL_CONVERSION = YES;
				CLANG_WARN_OBJC_ROOT_CLASS = YES_ERROR;
				CLANG_WARN_QUOTED_INCLUDE_IN_FRAMEWORK_HEADER = YES;
				CLANG_WARN_RANGE_LOOP_ANALYSIS = YES;
				CLANG_WARN_STRICT_PROTOTYPES = YES;
				CLANG_WARN_SUSPICIOUS_MOVE = YES;
				CLANG_WARN_UNGUARDED_AVAILABILITY = YES_AGGRESSIVE;
				CLANG_WARN_UNREACHABLE_CODE = YES;
				CLANG_WARN__DUPLICATE_METHOD_MATCH = YES;
				COPY_PHASE_STRIP = NO;
				DEBUG_INFORMATION_FORMAT = "dwarf-with-dsym";
				ENABLE_NS_ASSERTIONS = NO;
				ENABLE_STRICT_OBJC_MSGSEND = YES;
				ENABLE_USER_SCRIPT_SANDBOXING = YES;
				GCC_C_LANGUAGE_STANDARD = gnu17;
				GCC_NO_COMMON_BLOCKS = YES;
				GCC_WARN_64_TO_32_BIT_CONVERSION = YES;
				GCC_WARN_ABOUT_RETURN_TYPE = YES_ERROR;
				GCC_WARN_UNDECLARED_SELECTOR = YES;
				GCC_WARN_UNINITIALIZED_AUTOS = YES_AGGRESSIVE;
				GCC_WARN_UNUSED_FUNCTION = YES;
				GCC_WARN_UNUSED_VARIABLE = YES;
				IPHONEOS_DEPLOYMENT_TARGET = 17.2;
				LOCALIZATION_PREFERS_STRING_CATALOGS = YES;
				MTL_ENABLE_DEBUG_INFO = NO;
				MTL_FAST_MATH = YES;
				SDKROOT = iphoneos;
				SWIFT_COMPILATION_MODE = wholemodule;
				VALIDATE_PRODUCT = YES;
			};
			name = Release;
		};
		DF4523392B898AE1000EC6D9 /* Debug */ = {
			isa = XCBuildConfiguration;
			buildSettings = {
				ASSETCATALOG_COMPILER_APPICON_NAME = AppIcon;
				ASSETCATALOG_COMPILER_GLOBAL_ACCENT_COLOR_NAME = AccentColor;
				CODE_SIGN_STYLE = Automatic;
				CURRENT_PROJECT_VERSION = 1;
				GENERATE_INFOPLIST_FILE = YES;
				INFOPLIST_FILE = EssentialApp/Info.plist;
				INFOPLIST_KEY_UIApplicationSupportsIndirectInputEvents = YES;
				INFOPLIST_KEY_UILaunchStoryboardName = LaunchScreen;
				INFOPLIST_KEY_UIMainStoryboardFile = Main;
				INFOPLIST_KEY_UISupportedInterfaceOrientations = UIInterfaceOrientationPortrait;
				INFOPLIST_KEY_UISupportedInterfaceOrientations_iPad = "UIInterfaceOrientationLandscapeLeft UIInterfaceOrientationLandscapeRight UIInterfaceOrientationPortrait UIInterfaceOrientationPortraitUpsideDown";
				LD_RUNPATH_SEARCH_PATHS = (
					"$(inherited)",
					"@executable_path/Frameworks",
				);
				MARKETING_VERSION = 1.0;
				PRODUCT_BUNDLE_IDENTIFIER = cc.EssentialApp;
				PRODUCT_NAME = "$(TARGET_NAME)";
				SWIFT_EMIT_LOC_STRINGS = YES;
				SWIFT_VERSION = 5.0;
				TARGETED_DEVICE_FAMILY = "1,2";
			};
			name = Debug;
		};
		DF45233A2B898AE1000EC6D9 /* Release */ = {
			isa = XCBuildConfiguration;
			buildSettings = {
				ASSETCATALOG_COMPILER_APPICON_NAME = AppIcon;
				ASSETCATALOG_COMPILER_GLOBAL_ACCENT_COLOR_NAME = AccentColor;
				CODE_SIGN_STYLE = Automatic;
				CURRENT_PROJECT_VERSION = 1;
				GENERATE_INFOPLIST_FILE = YES;
				INFOPLIST_FILE = EssentialApp/Info.plist;
				INFOPLIST_KEY_UIApplicationSupportsIndirectInputEvents = YES;
				INFOPLIST_KEY_UILaunchStoryboardName = LaunchScreen;
				INFOPLIST_KEY_UIMainStoryboardFile = Main;
				INFOPLIST_KEY_UISupportedInterfaceOrientations = UIInterfaceOrientationPortrait;
				INFOPLIST_KEY_UISupportedInterfaceOrientations_iPad = "UIInterfaceOrientationLandscapeLeft UIInterfaceOrientationLandscapeRight UIInterfaceOrientationPortrait UIInterfaceOrientationPortraitUpsideDown";
				LD_RUNPATH_SEARCH_PATHS = (
					"$(inherited)",
					"@executable_path/Frameworks",
				);
				MARKETING_VERSION = 1.0;
				PRODUCT_BUNDLE_IDENTIFIER = cc.EssentialApp;
				PRODUCT_NAME = "$(TARGET_NAME)";
				SWIFT_EMIT_LOC_STRINGS = YES;
				SWIFT_VERSION = 5.0;
				TARGETED_DEVICE_FAMILY = "1,2";
			};
			name = Release;
		};
		DF45233C2B898AE1000EC6D9 /* Debug */ = {
			isa = XCBuildConfiguration;
			buildSettings = {
				ALWAYS_EMBED_SWIFT_STANDARD_LIBRARIES = YES;
				BUNDLE_LOADER = "$(TEST_HOST)";
				CLANG_ENABLE_MODULES = YES;
				CODE_SIGN_STYLE = Automatic;
				CURRENT_PROJECT_VERSION = 1;
				GENERATE_INFOPLIST_FILE = YES;
				IPHONEOS_DEPLOYMENT_TARGET = 17.2;
				MARKETING_VERSION = 1.0;
				PRODUCT_BUNDLE_IDENTIFIER = cc.EssentialAppTests;
				PRODUCT_NAME = "$(TARGET_NAME)";
				SWIFT_EMIT_LOC_STRINGS = NO;
				SWIFT_OPTIMIZATION_LEVEL = "-Onone";
				SWIFT_VERSION = 5.0;
				TARGETED_DEVICE_FAMILY = "1,2";
				TEST_HOST = "$(BUILT_PRODUCTS_DIR)/EssentialApp.app/$(BUNDLE_EXECUTABLE_FOLDER_PATH)/EssentialApp";
			};
			name = Debug;
		};
		DF45233D2B898AE1000EC6D9 /* Release */ = {
			isa = XCBuildConfiguration;
			buildSettings = {
				ALWAYS_EMBED_SWIFT_STANDARD_LIBRARIES = YES;
				BUNDLE_LOADER = "$(TEST_HOST)";
				CLANG_ENABLE_MODULES = YES;
				CODE_SIGN_STYLE = Automatic;
				CURRENT_PROJECT_VERSION = 1;
				GENERATE_INFOPLIST_FILE = YES;
				IPHONEOS_DEPLOYMENT_TARGET = 17.2;
				MARKETING_VERSION = 1.0;
				PRODUCT_BUNDLE_IDENTIFIER = cc.EssentialAppTests;
				PRODUCT_NAME = "$(TARGET_NAME)";
				SWIFT_EMIT_LOC_STRINGS = NO;
				SWIFT_VERSION = 5.0;
				TARGETED_DEVICE_FAMILY = "1,2";
				TEST_HOST = "$(BUILT_PRODUCTS_DIR)/EssentialApp.app/$(BUNDLE_EXECUTABLE_FOLDER_PATH)/EssentialApp";
			};
			name = Release;
		};
		DF45233F2B898AE1000EC6D9 /* Debug */ = {
			isa = XCBuildConfiguration;
			buildSettings = {
				ALWAYS_EMBED_SWIFT_STANDARD_LIBRARIES = YES;
				CODE_SIGN_STYLE = Automatic;
				CURRENT_PROJECT_VERSION = 1;
				GENERATE_INFOPLIST_FILE = YES;
				MARKETING_VERSION = 1.0;
				PRODUCT_BUNDLE_IDENTIFIER = cc.EssentialAppUITests;
				PRODUCT_NAME = "$(TARGET_NAME)";
				SWIFT_EMIT_LOC_STRINGS = NO;
				SWIFT_VERSION = 5.0;
				TARGETED_DEVICE_FAMILY = "1,2";
				TEST_TARGET_NAME = EssentialApp;
			};
			name = Debug;
		};
		DF4523402B898AE1000EC6D9 /* Release */ = {
			isa = XCBuildConfiguration;
			buildSettings = {
				ALWAYS_EMBED_SWIFT_STANDARD_LIBRARIES = YES;
				CODE_SIGN_STYLE = Automatic;
				CURRENT_PROJECT_VERSION = 1;
				GENERATE_INFOPLIST_FILE = YES;
				MARKETING_VERSION = 1.0;
				PRODUCT_BUNDLE_IDENTIFIER = cc.EssentialAppUITests;
				PRODUCT_NAME = "$(TARGET_NAME)";
				SWIFT_EMIT_LOC_STRINGS = NO;
				SWIFT_VERSION = 5.0;
				TARGETED_DEVICE_FAMILY = "1,2";
				TEST_TARGET_NAME = EssentialApp;
			};
			name = Release;
		};
/* End XCBuildConfiguration section */

/* Begin XCConfigurationList section */
		DF4523092B898ADF000EC6D9 /* Build configuration list for PBXProject "EssentialApp" */ = {
			isa = XCConfigurationList;
			buildConfigurations = (
				DF4523362B898AE1000EC6D9 /* Debug */,
				DF4523372B898AE1000EC6D9 /* Release */,
			);
			defaultConfigurationIsVisible = 0;
			defaultConfigurationName = Release;
		};
		DF4523382B898AE1000EC6D9 /* Build configuration list for PBXNativeTarget "EssentialApp" */ = {
			isa = XCConfigurationList;
			buildConfigurations = (
				DF4523392B898AE1000EC6D9 /* Debug */,
				DF45233A2B898AE1000EC6D9 /* Release */,
			);
			defaultConfigurationIsVisible = 0;
			defaultConfigurationName = Release;
		};
		DF45233B2B898AE1000EC6D9 /* Build configuration list for PBXNativeTarget "EssentialAppTests" */ = {
			isa = XCConfigurationList;
			buildConfigurations = (
				DF45233C2B898AE1000EC6D9 /* Debug */,
				DF45233D2B898AE1000EC6D9 /* Release */,
			);
			defaultConfigurationIsVisible = 0;
			defaultConfigurationName = Release;
		};
		DF45233E2B898AE1000EC6D9 /* Build configuration list for PBXNativeTarget "EssentialAppUITests" */ = {
			isa = XCConfigurationList;
			buildConfigurations = (
				DF45233F2B898AE1000EC6D9 /* Debug */,
				DF4523402B898AE1000EC6D9 /* Release */,
			);
			defaultConfigurationIsVisible = 0;
			defaultConfigurationName = Release;
		};
/* End XCConfigurationList section */
	};
	rootObject = DF4523062B898ADF000EC6D9 /* Project object */;
}
